// !$*UTF8*$!
{
	archiveVersion = 1;
	classes = {
	};
	objectVersion = 56;
	objects = {

/* Begin PBXBuildFile section */
		ED1407DA2AC2FC250050E631 /* .swiftlint.yml in Resources */ = {isa = PBXBuildFile; fileRef = ED1407D92AC2FC240050E631 /* .swiftlint.yml */; };
		ED1407DD2AC2FDDE0050E631 /* RxCocoa in Frameworks */ = {isa = PBXBuildFile; productRef = ED1407DC2AC2FDDE0050E631 /* RxCocoa */; };
		ED1407DF2AC2FDDE0050E631 /* RxRelay in Frameworks */ = {isa = PBXBuildFile; productRef = ED1407DE2AC2FDDE0050E631 /* RxRelay */; };
		ED1407E12AC2FDDE0050E631 /* RxSwift in Frameworks */ = {isa = PBXBuildFile; productRef = ED1407E02AC2FDDE0050E631 /* RxSwift */; };
		ED1407E42AC2FE3D0050E631 /* SnapKit in Frameworks */ = {isa = PBXBuildFile; productRef = ED1407E32AC2FE3D0050E631 /* SnapKit */; };
		ED1407E72AC2FE5D0050E631 /* FSCalendar in Frameworks */ = {isa = PBXBuildFile; productRef = ED1407E62AC2FE5D0050E631 /* FSCalendar */; };
		ED1407EA2AC2FF4D0050E631 /* Realm in Frameworks */ = {isa = PBXBuildFile; productRef = ED1407E92AC2FF4D0050E631 /* Realm */; };
		ED1407EC2AC2FF4D0050E631 /* RealmSwift in Frameworks */ = {isa = PBXBuildFile; productRef = ED1407EB2AC2FF4D0050E631 /* RealmSwift */; };
		ED8192152AC2ECEA00C7C830 /* AppDelegate.swift in Sources */ = {isa = PBXBuildFile; fileRef = ED8192142AC2ECEA00C7C830 /* AppDelegate.swift */; };
		ED8192172AC2ECEA00C7C830 /* SceneDelegate.swift in Sources */ = {isa = PBXBuildFile; fileRef = ED8192162AC2ECEA00C7C830 /* SceneDelegate.swift */; };
		ED8192192AC2ECEA00C7C830 /* ViewController.swift in Sources */ = {isa = PBXBuildFile; fileRef = ED8192182AC2ECEA00C7C830 /* ViewController.swift */; };
		ED81921E2AC2ECEB00C7C830 /* Assets.xcassets in Resources */ = {isa = PBXBuildFile; fileRef = ED81921D2AC2ECEB00C7C830 /* Assets.xcassets */; };
		ED8192212AC2ECEB00C7C830 /* LaunchScreen.storyboard in Resources */ = {isa = PBXBuildFile; fileRef = ED81921F2AC2ECEB00C7C830 /* LaunchScreen.storyboard */; };
		ED8192292AC2EE2700C7C830 /* .gitignore in Resources */ = {isa = PBXBuildFile; fileRef = ED8192282AC2EE2700C7C830 /* .gitignore */; };
		EDF700E92AC80D7D00DBA5E8 /* UIView+Preview.swift in Sources */ = {isa = PBXBuildFile; fileRef = EDF700E82AC80D7D00DBA5E8 /* UIView+Preview.swift */; };
		EDF700EB2AC80E7E00DBA5E8 /* UIViewController+Preview.swift in Sources */ = {isa = PBXBuildFile; fileRef = EDF700EA2AC80E7E00DBA5E8 /* UIViewController+Preview.swift */; };
/* End PBXBuildFile section */

/* Begin PBXFileReference section */
		ED1407D92AC2FC240050E631 /* .swiftlint.yml */ = {isa = PBXFileReference; fileEncoding = 4; lastKnownFileType = text.yaml; path = .swiftlint.yml; sourceTree = "<group>"; };
		ED8192112AC2ECEA00C7C830 /* TodayFastComplete.app */ = {isa = PBXFileReference; explicitFileType = wrapper.application; includeInIndex = 0; path = TodayFastComplete.app; sourceTree = BUILT_PRODUCTS_DIR; };
		ED8192142AC2ECEA00C7C830 /* AppDelegate.swift */ = {isa = PBXFileReference; lastKnownFileType = sourcecode.swift; path = AppDelegate.swift; sourceTree = "<group>"; };
		ED8192162AC2ECEA00C7C830 /* SceneDelegate.swift */ = {isa = PBXFileReference; lastKnownFileType = sourcecode.swift; path = SceneDelegate.swift; sourceTree = "<group>"; };
		ED8192182AC2ECEA00C7C830 /* ViewController.swift */ = {isa = PBXFileReference; lastKnownFileType = sourcecode.swift; path = ViewController.swift; sourceTree = "<group>"; };
		ED81921D2AC2ECEB00C7C830 /* Assets.xcassets */ = {isa = PBXFileReference; lastKnownFileType = folder.assetcatalog; path = Assets.xcassets; sourceTree = "<group>"; };
		ED8192202AC2ECEB00C7C830 /* Base */ = {isa = PBXFileReference; lastKnownFileType = file.storyboard; name = Base; path = Base.lproj/LaunchScreen.storyboard; sourceTree = "<group>"; };
		ED8192222AC2ECEB00C7C830 /* Info.plist */ = {isa = PBXFileReference; lastKnownFileType = text.plist.xml; path = Info.plist; sourceTree = "<group>"; };
		ED8192282AC2EE2700C7C830 /* .gitignore */ = {isa = PBXFileReference; lastKnownFileType = text; path = .gitignore; sourceTree = "<group>"; };
		ED81922A2AC2EEAC00C7C830 /* Memo.md */ = {isa = PBXFileReference; lastKnownFileType = net.daringfireball.markdown; path = Memo.md; sourceTree = "<group>"; };
		ED81922C2AC2EFC000C7C830 /* ko */ = {isa = PBXFileReference; lastKnownFileType = text.plist.strings; name = ko; path = ko.lproj/LaunchScreen.strings; sourceTree = "<group>"; };
		EDF700E82AC80D7D00DBA5E8 /* UIView+Preview.swift */ = {isa = PBXFileReference; lastKnownFileType = sourcecode.swift; path = "UIView+Preview.swift"; sourceTree = "<group>"; };
		EDF700EA2AC80E7E00DBA5E8 /* UIViewController+Preview.swift */ = {isa = PBXFileReference; lastKnownFileType = sourcecode.swift; path = "UIViewController+Preview.swift"; sourceTree = "<group>"; };
/* End PBXFileReference section */

/* Begin PBXFrameworksBuildPhase section */
		ED81920E2AC2ECEA00C7C830 /* Frameworks */ = {
			isa = PBXFrameworksBuildPhase;
			buildActionMask = 2147483647;
			files = (
				ED1407EA2AC2FF4D0050E631 /* Realm in Frameworks */,
				ED1407E12AC2FDDE0050E631 /* RxSwift in Frameworks */,
				ED1407EC2AC2FF4D0050E631 /* RealmSwift in Frameworks */,
				ED1407E42AC2FE3D0050E631 /* SnapKit in Frameworks */,
				ED1407DF2AC2FDDE0050E631 /* RxRelay in Frameworks */,
				ED1407E72AC2FE5D0050E631 /* FSCalendar in Frameworks */,
				ED1407DD2AC2FDDE0050E631 /* RxCocoa in Frameworks */,
			);
			runOnlyForDeploymentPostprocessing = 0;
		};
/* End PBXFrameworksBuildPhase section */

/* Begin PBXGroup section */
		ED8192082AC2ECEA00C7C830 = {
			isa = PBXGroup;
			children = (
				ED1407D92AC2FC240050E631 /* .swiftlint.yml */,
				ED8192282AC2EE2700C7C830 /* .gitignore */,
				ED81922A2AC2EEAC00C7C830 /* Memo.md */,
				ED8192132AC2ECEA00C7C830 /* TodayFastComplete */,
				ED8192122AC2ECEA00C7C830 /* Products */,
			);
			sourceTree = "<group>";
		};
		ED8192122AC2ECEA00C7C830 /* Products */ = {
			isa = PBXGroup;
			children = (
				ED8192112AC2ECEA00C7C830 /* TodayFastComplete.app */,
			);
			name = Products;
			sourceTree = "<group>";
		};
		ED8192132AC2ECEA00C7C830 /* TodayFastComplete */ = {
			isa = PBXGroup;
			children = (
				ED81922E2AC2F37A00C7C830 /* Application */,
				ED8192302AC2F3B300C7C830 /* Data */,
				ED8192312AC2F3BA00C7C830 /* Domain */,
				ED81922F2AC2F38A00C7C830 /* Presentation */,
				ED81922D2AC2F36A00C7C830 /* Resources */,
			);
			path = TodayFastComplete;
			sourceTree = "<group>";
		};
		ED81922D2AC2F36A00C7C830 /* Resources */ = {
			isa = PBXGroup;
			children = (
				ED81921D2AC2ECEB00C7C830 /* Assets.xcassets */,
				ED81921F2AC2ECEB00C7C830 /* LaunchScreen.storyboard */,
				ED8192222AC2ECEB00C7C830 /* Info.plist */,
			);
			path = Resources;
			sourceTree = "<group>";
		};
		ED81922E2AC2F37A00C7C830 /* Application */ = {
			isa = PBXGroup;
			children = (
				ED8192142AC2ECEA00C7C830 /* AppDelegate.swift */,
				ED8192162AC2ECEA00C7C830 /* SceneDelegate.swift */,
				ED8192352AC2F47A00C7C830 /* DIContainer */,
			);
			path = Application;
			sourceTree = "<group>";
		};
		ED81922F2AC2F38A00C7C830 /* Presentation */ = {
			isa = PBXGroup;
			children = (
				ED8192182AC2ECEA00C7C830 /* ViewController.swift */,
				EDF700E42AC80D4E00DBA5E8 /* Utils */,
			);
			path = Presentation;
			sourceTree = "<group>";
		};
		ED8192302AC2F3B300C7C830 /* Data */ = {
			isa = PBXGroup;
			children = (
			);
			path = Data;
			sourceTree = "<group>";
		};
		ED8192312AC2F3BA00C7C830 /* Domain */ = {
			isa = PBXGroup;
			children = (
				ED8192322AC2F44500C7C830 /* Entities */,
				ED8192332AC2F45F00C7C830 /* UseCases */,
				ED8192342AC2F46800C7C830 /* Interfaces */,
			);
			path = Domain;
			sourceTree = "<group>";
		};
		ED8192322AC2F44500C7C830 /* Entities */ = {
			isa = PBXGroup;
			children = (
			);
			path = Entities;
			sourceTree = "<group>";
		};
		ED8192332AC2F45F00C7C830 /* UseCases */ = {
			isa = PBXGroup;
			children = (
			);
			path = UseCases;
			sourceTree = "<group>";
		};
		ED8192342AC2F46800C7C830 /* Interfaces */ = {
			isa = PBXGroup;
			children = (
			);
			path = Interfaces;
			sourceTree = "<group>";
		};
		ED8192352AC2F47A00C7C830 /* DIContainer */ = {
			isa = PBXGroup;
			children = (
			);
			path = DIContainer;
			sourceTree = "<group>";
		};
		EDF700E42AC80D4E00DBA5E8 /* Utils */ = {
			isa = PBXGroup;
			children = (
				EDF700E72AC80D6F00DBA5E8 /* Preview */,
			);
			path = Utils;
			sourceTree = "<group>";
		};
		EDF700E72AC80D6F00DBA5E8 /* Preview */ = {
			isa = PBXGroup;
			children = (
				EDF700E82AC80D7D00DBA5E8 /* UIView+Preview.swift */,
				EDF700EA2AC80E7E00DBA5E8 /* UIViewController+Preview.swift */,
			);
			path = Preview;
			sourceTree = "<group>";
		};
/* End PBXGroup section */

/* Begin PBXNativeTarget section */
		ED8192102AC2ECEA00C7C830 /* TodayFastComplete */ = {
			isa = PBXNativeTarget;
			buildConfigurationList = ED8192252AC2ECEB00C7C830 /* Build configuration list for PBXNativeTarget "TodayFastComplete" */;
			buildPhases = (
				ED81920D2AC2ECEA00C7C830 /* Sources */,
				ED81920E2AC2ECEA00C7C830 /* Frameworks */,
				ED81920F2AC2ECEA00C7C830 /* Resources */,
				EDF700E32AC80ADD00DBA5E8 /* ShellScript */,
			);
			buildRules = (
			);
			dependencies = (
			);
			name = TodayFastComplete;
			packageProductDependencies = (
				ED1407DC2AC2FDDE0050E631 /* RxCocoa */,
				ED1407DE2AC2FDDE0050E631 /* RxRelay */,
				ED1407E02AC2FDDE0050E631 /* RxSwift */,
				ED1407E32AC2FE3D0050E631 /* SnapKit */,
				ED1407E62AC2FE5D0050E631 /* FSCalendar */,
				ED1407E92AC2FF4D0050E631 /* Realm */,
				ED1407EB2AC2FF4D0050E631 /* RealmSwift */,
			);
			productName = TodayFastComplete;
			productReference = ED8192112AC2ECEA00C7C830 /* TodayFastComplete.app */;
			productType = "com.apple.product-type.application";
		};
/* End PBXNativeTarget section */

/* Begin PBXProject section */
		ED8192092AC2ECEA00C7C830 /* Project object */ = {
			isa = PBXProject;
			attributes = {
				BuildIndependentTargetsInParallel = 1;
				LastSwiftUpdateCheck = 1500;
				LastUpgradeCheck = 1500;
				TargetAttributes = {
					ED8192102AC2ECEA00C7C830 = {
						CreatedOnToolsVersion = 15.0;
					};
				};
			};
			buildConfigurationList = ED81920C2AC2ECEA00C7C830 /* Build configuration list for PBXProject "TodayFastComplete" */;
			compatibilityVersion = "Xcode 14.0";
			developmentRegion = ko;
			hasScannedForEncodings = 0;
			knownRegions = (
				en,
				Base,
				ko,
			);
			mainGroup = ED8192082AC2ECEA00C7C830;
			packageReferences = (
				ED8192362AC2F6FF00C7C830 /* XCRemoteSwiftPackageReference "SwiftLint" */,
				ED1407DB2AC2FDDE0050E631 /* XCRemoteSwiftPackageReference "RxSwift" */,
				ED1407E22AC2FE3D0050E631 /* XCRemoteSwiftPackageReference "SnapKit" */,
				ED1407E52AC2FE5D0050E631 /* XCRemoteSwiftPackageReference "FSCalendar" */,
				ED1407E82AC2FF4D0050E631 /* XCRemoteSwiftPackageReference "realm-swift" */,
			);
			productRefGroup = ED8192122AC2ECEA00C7C830 /* Products */;
			projectDirPath = "";
			projectRoot = "";
			targets = (
				ED8192102AC2ECEA00C7C830 /* TodayFastComplete */,
			);
		};
/* End PBXProject section */

/* Begin PBXResourcesBuildPhase section */
		ED81920F2AC2ECEA00C7C830 /* Resources */ = {
			isa = PBXResourcesBuildPhase;
			buildActionMask = 2147483647;
			files = (
				ED1407DA2AC2FC250050E631 /* .swiftlint.yml in Resources */,
				ED8192292AC2EE2700C7C830 /* .gitignore in Resources */,
				ED8192212AC2ECEB00C7C830 /* LaunchScreen.storyboard in Resources */,
				ED81921E2AC2ECEB00C7C830 /* Assets.xcassets in Resources */,
			);
			runOnlyForDeploymentPostprocessing = 0;
		};
/* End PBXResourcesBuildPhase section */

/* Begin PBXShellScriptBuildPhase section */
		EDF700E32AC80ADD00DBA5E8 /* ShellScript */ = {
			isa = PBXShellScriptBuildPhase;
			buildActionMask = 2147483647;
			files = (
			);
			inputFileListPaths = (
			);
			inputPaths = (
			);
			outputFileListPaths = (
			);
			outputPaths = (
			);
			runOnlyForDeploymentPostprocessing = 0;
			shellPath = /bin/sh;
			shellScript = "if [[ \"$(uname -m)\" == arm64 ]]; then\n    export PATH=\"/opt/homebrew/bin:$PATH\"\nfi\n\nif which swiftlint > /dev/null; then\n  swiftlint\nelse\n  echo \"warning: SwiftLint not installed, download from https://github.com/realm/SwiftLint\"\nfi\n";
		};
/* End PBXShellScriptBuildPhase section */

/* Begin PBXSourcesBuildPhase section */
		ED81920D2AC2ECEA00C7C830 /* Sources */ = {
			isa = PBXSourcesBuildPhase;
			buildActionMask = 2147483647;
			files = (
				ED8192192AC2ECEA00C7C830 /* ViewController.swift in Sources */,
				EDF700E92AC80D7D00DBA5E8 /* UIView+Preview.swift in Sources */,
				EDF700EB2AC80E7E00DBA5E8 /* UIViewController+Preview.swift in Sources */,
				ED8192152AC2ECEA00C7C830 /* AppDelegate.swift in Sources */,
				ED8192172AC2ECEA00C7C830 /* SceneDelegate.swift in Sources */,
			);
			runOnlyForDeploymentPostprocessing = 0;
		};
/* End PBXSourcesBuildPhase section */

/* Begin PBXVariantGroup section */
		ED81921F2AC2ECEB00C7C830 /* LaunchScreen.storyboard */ = {
			isa = PBXVariantGroup;
			children = (
				ED8192202AC2ECEB00C7C830 /* Base */,
				ED81922C2AC2EFC000C7C830 /* ko */,
			);
			name = LaunchScreen.storyboard;
			sourceTree = "<group>";
		};
/* End PBXVariantGroup section */

/* Begin XCBuildConfiguration section */
		ED8192232AC2ECEB00C7C830 /* Debug */ = {
			isa = XCBuildConfiguration;
			buildSettings = {
				ALWAYS_SEARCH_USER_PATHS = NO;
				ASSETCATALOG_COMPILER_GENERATE_SWIFT_ASSET_SYMBOL_EXTENSIONS = YES;
				CLANG_ANALYZER_LOCALIZABILITY_NONLOCALIZED = YES;
				CLANG_ANALYZER_NONNULL = YES;
				CLANG_ANALYZER_NUMBER_OBJECT_CONVERSION = YES_AGGRESSIVE;
				CLANG_CXX_LANGUAGE_STANDARD = "gnu++20";
				CLANG_ENABLE_MODULES = YES;
				CLANG_ENABLE_OBJC_ARC = YES;
				CLANG_ENABLE_OBJC_WEAK = YES;
				CLANG_WARN_BLOCK_CAPTURE_AUTORELEASING = YES;
				CLANG_WARN_BOOL_CONVERSION = YES;
				CLANG_WARN_COMMA = YES;
				CLANG_WARN_CONSTANT_CONVERSION = YES;
				CLANG_WARN_DEPRECATED_OBJC_IMPLEMENTATIONS = YES;
				CLANG_WARN_DIRECT_OBJC_ISA_USAGE = YES_ERROR;
				CLANG_WARN_DOCUMENTATION_COMMENTS = YES;
				CLANG_WARN_EMPTY_BODY = YES;
				CLANG_WARN_ENUM_CONVERSION = YES;
				CLANG_WARN_INFINITE_RECURSION = YES;
				CLANG_WARN_INT_CONVERSION = YES;
				CLANG_WARN_NON_LITERAL_NULL_CONVERSION = YES;
				CLANG_WARN_OBJC_IMPLICIT_RETAIN_SELF = YES;
				CLANG_WARN_OBJC_LITERAL_CONVERSION = YES;
				CLANG_WARN_OBJC_ROOT_CLASS = YES_ERROR;
				CLANG_WARN_QUOTED_INCLUDE_IN_FRAMEWORK_HEADER = YES;
				CLANG_WARN_RANGE_LOOP_ANALYSIS = YES;
				CLANG_WARN_STRICT_PROTOTYPES = YES;
				CLANG_WARN_SUSPICIOUS_MOVE = YES;
				CLANG_WARN_UNGUARDED_AVAILABILITY = YES_AGGRESSIVE;
				CLANG_WARN_UNREACHABLE_CODE = YES;
				CLANG_WARN__DUPLICATE_METHOD_MATCH = YES;
				COPY_PHASE_STRIP = NO;
				DEBUG_INFORMATION_FORMAT = dwarf;
				ENABLE_STRICT_OBJC_MSGSEND = YES;
				ENABLE_TESTABILITY = YES;
				ENABLE_USER_SCRIPT_SANDBOXING = NO;
				GCC_C_LANGUAGE_STANDARD = gnu17;
				GCC_DYNAMIC_NO_PIC = NO;
				GCC_NO_COMMON_BLOCKS = YES;
				GCC_OPTIMIZATION_LEVEL = 0;
				GCC_PREPROCESSOR_DEFINITIONS = (
					"DEBUG=1",
					"$(inherited)",
				);
				GCC_WARN_64_TO_32_BIT_CONVERSION = YES;
				GCC_WARN_ABOUT_RETURN_TYPE = YES_ERROR;
				GCC_WARN_UNDECLARED_SELECTOR = YES;
				GCC_WARN_UNINITIALIZED_AUTOS = YES_AGGRESSIVE;
				GCC_WARN_UNUSED_FUNCTION = YES;
				GCC_WARN_UNUSED_VARIABLE = YES;
				IPHONEOS_DEPLOYMENT_TARGET = 17.0;
				LOCALIZATION_PREFERS_STRING_CATALOGS = YES;
				MTL_ENABLE_DEBUG_INFO = INCLUDE_SOURCE;
				MTL_FAST_MATH = YES;
				ONLY_ACTIVE_ARCH = YES;
				SDKROOT = iphoneos;
				SWIFT_ACTIVE_COMPILATION_CONDITIONS = "DEBUG $(inherited)";
				SWIFT_OPTIMIZATION_LEVEL = "-Onone";
			};
			name = Debug;
		};
		ED8192242AC2ECEB00C7C830 /* Release */ = {
			isa = XCBuildConfiguration;
			buildSettings = {
				ALWAYS_SEARCH_USER_PATHS = NO;
				ASSETCATALOG_COMPILER_GENERATE_SWIFT_ASSET_SYMBOL_EXTENSIONS = YES;
				CLANG_ANALYZER_LOCALIZABILITY_NONLOCALIZED = YES;
				CLANG_ANALYZER_NONNULL = YES;
				CLANG_ANALYZER_NUMBER_OBJECT_CONVERSION = YES_AGGRESSIVE;
				CLANG_CXX_LANGUAGE_STANDARD = "gnu++20";
				CLANG_ENABLE_MODULES = YES;
				CLANG_ENABLE_OBJC_ARC = YES;
				CLANG_ENABLE_OBJC_WEAK = YES;
				CLANG_WARN_BLOCK_CAPTURE_AUTORELEASING = YES;
				CLANG_WARN_BOOL_CONVERSION = YES;
				CLANG_WARN_COMMA = YES;
				CLANG_WARN_CONSTANT_CONVERSION = YES;
				CLANG_WARN_DEPRECATED_OBJC_IMPLEMENTATIONS = YES;
				CLANG_WARN_DIRECT_OBJC_ISA_USAGE = YES_ERROR;
				CLANG_WARN_DOCUMENTATION_COMMENTS = YES;
				CLANG_WARN_EMPTY_BODY = YES;
				CLANG_WARN_ENUM_CONVERSION = YES;
				CLANG_WARN_INFINITE_RECURSION = YES;
				CLANG_WARN_INT_CONVERSION = YES;
				CLANG_WARN_NON_LITERAL_NULL_CONVERSION = YES;
				CLANG_WARN_OBJC_IMPLICIT_RETAIN_SELF = YES;
				CLANG_WARN_OBJC_LITERAL_CONVERSION = YES;
				CLANG_WARN_OBJC_ROOT_CLASS = YES_ERROR;
				CLANG_WARN_QUOTED_INCLUDE_IN_FRAMEWORK_HEADER = YES;
				CLANG_WARN_RANGE_LOOP_ANALYSIS = YES;
				CLANG_WARN_STRICT_PROTOTYPES = YES;
				CLANG_WARN_SUSPICIOUS_MOVE = YES;
				CLANG_WARN_UNGUARDED_AVAILABILITY = YES_AGGRESSIVE;
				CLANG_WARN_UNREACHABLE_CODE = YES;
				CLANG_WARN__DUPLICATE_METHOD_MATCH = YES;
				COPY_PHASE_STRIP = NO;
				DEBUG_INFORMATION_FORMAT = "dwarf-with-dsym";
				ENABLE_NS_ASSERTIONS = NO;
				ENABLE_STRICT_OBJC_MSGSEND = YES;
				ENABLE_USER_SCRIPT_SANDBOXING = NO;
				GCC_C_LANGUAGE_STANDARD = gnu17;
				GCC_NO_COMMON_BLOCKS = YES;
				GCC_WARN_64_TO_32_BIT_CONVERSION = YES;
				GCC_WARN_ABOUT_RETURN_TYPE = YES_ERROR;
				GCC_WARN_UNDECLARED_SELECTOR = YES;
				GCC_WARN_UNINITIALIZED_AUTOS = YES_AGGRESSIVE;
				GCC_WARN_UNUSED_FUNCTION = YES;
				GCC_WARN_UNUSED_VARIABLE = YES;
				IPHONEOS_DEPLOYMENT_TARGET = 17.0;
				LOCALIZATION_PREFERS_STRING_CATALOGS = YES;
				MTL_ENABLE_DEBUG_INFO = NO;
				MTL_FAST_MATH = YES;
				SDKROOT = iphoneos;
				SWIFT_COMPILATION_MODE = wholemodule;
				VALIDATE_PRODUCT = YES;
			};
			name = Release;
		};
		ED8192262AC2ECEB00C7C830 /* Debug */ = {
			isa = XCBuildConfiguration;
			buildSettings = {
				ASSETCATALOG_COMPILER_APPICON_NAME = AppIcon;
				ASSETCATALOG_COMPILER_GLOBAL_ACCENT_COLOR_NAME = AccentColor;
				CODE_SIGN_STYLE = Automatic;
				CURRENT_PROJECT_VERSION = 1;
				DEVELOPMENT_TEAM = 82J7RU93V4;
				GENERATE_INFOPLIST_FILE = YES;
				INFOPLIST_FILE = TodayFastComplete/Resources/Info.plist;
				INFOPLIST_KEY_LSApplicationCategoryType = "public.app-category.healthcare-fitness";
				INFOPLIST_KEY_UIApplicationSupportsIndirectInputEvents = YES;
				INFOPLIST_KEY_UILaunchStoryboardName = LaunchScreen;
				INFOPLIST_KEY_UISupportedInterfaceOrientations = UIInterfaceOrientationPortrait;
				INFOPLIST_KEY_UISupportedInterfaceOrientations_iPad = "UIInterfaceOrientationLandscapeLeft UIInterfaceOrientationLandscapeRight UIInterfaceOrientationPortrait UIInterfaceOrientationPortraitUpsideDown";
				IPHONEOS_DEPLOYMENT_TARGET = 17.0;
				LD_RUNPATH_SEARCH_PATHS = (
					"$(inherited)",
					"@executable_path/Frameworks",
				);
				MARKETING_VERSION = 1.0;
				PRODUCT_BUNDLE_IDENTIFIER = com.JongHoon.TodayFastComplete;
				PRODUCT_NAME = "$(TARGET_NAME)";
				SUPPORTED_PLATFORMS = "iphoneos iphonesimulator";
				SUPPORTS_MACCATALYST = NO;
				SWIFT_EMIT_LOC_STRINGS = YES;
				SWIFT_VERSION = 5.0;
				TARGETED_DEVICE_FAMILY = 1;
			};
			name = Debug;
		};
		ED8192272AC2ECEB00C7C830 /* Release */ = {
			isa = XCBuildConfiguration;
			buildSettings = {
				ASSETCATALOG_COMPILER_APPICON_NAME = AppIcon;
				ASSETCATALOG_COMPILER_GLOBAL_ACCENT_COLOR_NAME = AccentColor;
				CODE_SIGN_STYLE = Automatic;
				CURRENT_PROJECT_VERSION = 1;
				DEVELOPMENT_TEAM = 82J7RU93V4;
				GENERATE_INFOPLIST_FILE = YES;
				INFOPLIST_FILE = TodayFastComplete/Resources/Info.plist;
				INFOPLIST_KEY_LSApplicationCategoryType = "public.app-category.healthcare-fitness";
				INFOPLIST_KEY_UIApplicationSupportsIndirectInputEvents = YES;
				INFOPLIST_KEY_UILaunchStoryboardName = LaunchScreen;
				INFOPLIST_KEY_UISupportedInterfaceOrientations = UIInterfaceOrientationPortrait;
				INFOPLIST_KEY_UISupportedInterfaceOrientations_iPad = "UIInterfaceOrientationLandscapeLeft UIInterfaceOrientationLandscapeRight UIInterfaceOrientationPortrait UIInterfaceOrientationPortraitUpsideDown";
				IPHONEOS_DEPLOYMENT_TARGET = 17.0;
				LD_RUNPATH_SEARCH_PATHS = (
					"$(inherited)",
					"@executable_path/Frameworks",
				);
				MARKETING_VERSION = 1.0;
				PRODUCT_BUNDLE_IDENTIFIER = com.JongHoon.TodayFastComplete;
				PRODUCT_NAME = "$(TARGET_NAME)";
				SUPPORTED_PLATFORMS = "iphoneos iphonesimulator";
				SUPPORTS_MACCATALYST = NO;
				SWIFT_EMIT_LOC_STRINGS = YES;
				SWIFT_VERSION = 5.0;
				TARGETED_DEVICE_FAMILY = 1;
			};
			name = Release;
		};
/* End XCBuildConfiguration section */

/* Begin XCConfigurationList section */
		ED81920C2AC2ECEA00C7C830 /* Build configuration list for PBXProject "TodayFastComplete" */ = {
			isa = XCConfigurationList;
			buildConfigurations = (
				ED8192232AC2ECEB00C7C830 /* Debug */,
				ED8192242AC2ECEB00C7C830 /* Release */,
			);
			defaultConfigurationIsVisible = 0;
			defaultConfigurationName = Release;
		};
		ED8192252AC2ECEB00C7C830 /* Build configuration list for PBXNativeTarget "TodayFastComplete" */ = {
			isa = XCConfigurationList;
			buildConfigurations = (
				ED8192262AC2ECEB00C7C830 /* Debug */,
				ED8192272AC2ECEB00C7C830 /* Release */,
			);
			defaultConfigurationIsVisible = 0;
			defaultConfigurationName = Release;
		};
/* End XCConfigurationList section */

/* Begin XCRemoteSwiftPackageReference section */
		ED1407DB2AC2FDDE0050E631 /* XCRemoteSwiftPackageReference "RxSwift" */ = {
			isa = XCRemoteSwiftPackageReference;
			repositoryURL = "https://github.com/ReactiveX/RxSwift.git";
			requirement = {
				kind = exactVersion;
				version = 6.6.0;
			};
		};
		ED1407E22AC2FE3D0050E631 /* XCRemoteSwiftPackageReference "SnapKit" */ = {
			isa = XCRemoteSwiftPackageReference;
			repositoryURL = "https://github.com/SnapKit/SnapKit.git";
			requirement = {
				kind = exactVersion;
				version = 5.6.0;
			};
		};
		ED1407E52AC2FE5D0050E631 /* XCRemoteSwiftPackageReference "FSCalendar" */ = {
			isa = XCRemoteSwiftPackageReference;
			repositoryURL = "https://github.com/WenchaoD/FSCalendar";
			requirement = {
				kind = upToNextMinorVersion;
				minimumVersion = 2.8.4;
			};
		};
		ED1407E82AC2FF4D0050E631 /* XCRemoteSwiftPackageReference "realm-swift" */ = {
			isa = XCRemoteSwiftPackageReference;
			repositoryURL = "https://github.com/realm/realm-swift.git";
			requirement = {
				kind = exactVersion;
				version = 10.42.4;
			};
		};
		ED8192362AC2F6FF00C7C830 /* XCRemoteSwiftPackageReference "SwiftLint" */ = {
			isa = XCRemoteSwiftPackageReference;
			repositoryURL = "https://github.com/realm/SwiftLint";
			requirement = {
				kind = upToNextMajorVersion;
				minimumVersion = 0.52.4;
			};
		};
/* End XCRemoteSwiftPackageReference section */

/* Begin XCSwiftPackageProductDependency section */
		ED1407DC2AC2FDDE0050E631 /* RxCocoa */ = {
			isa = XCSwiftPackageProductDependency;
			package = ED1407DB2AC2FDDE0050E631 /* XCRemoteSwiftPackageReference "RxSwift" */;
			productName = RxCocoa;
		};
		ED1407DE2AC2FDDE0050E631 /* RxRelay */ = {
			isa = XCSwiftPackageProductDependency;
			package = ED1407DB2AC2FDDE0050E631 /* XCRemoteSwiftPackageReference "RxSwift" */;
			productName = RxRelay;
		};
		ED1407E02AC2FDDE0050E631 /* RxSwift */ = {
			isa = XCSwiftPackageProductDependency;
			package = ED1407DB2AC2FDDE0050E631 /* XCRemoteSwiftPackageReference "RxSwift" */;
			productName = RxSwift;
		};
		ED1407E32AC2FE3D0050E631 /* SnapKit */ = {
			isa = XCSwiftPackageProductDependency;
			package = ED1407E22AC2FE3D0050E631 /* XCRemoteSwiftPackageReference "SnapKit" */;
			productName = SnapKit;
		};
		ED1407E62AC2FE5D0050E631 /* FSCalendar */ = {
			isa = XCSwiftPackageProductDependency;
			package = ED1407E52AC2FE5D0050E631 /* XCRemoteSwiftPackageReference "FSCalendar" */;
			productName = FSCalendar;
		};
		ED1407E92AC2FF4D0050E631 /* Realm */ = {
			isa = XCSwiftPackageProductDependency;
			package = ED1407E82AC2FF4D0050E631 /* XCRemoteSwiftPackageReference "realm-swift" */;
			productName = Realm;
		};
		ED1407EB2AC2FF4D0050E631 /* RealmSwift */ = {
			isa = XCSwiftPackageProductDependency;
			package = ED1407E82AC2FF4D0050E631 /* XCRemoteSwiftPackageReference "realm-swift" */;
			productName = RealmSwift;
		};
/* End XCSwiftPackageProductDependency section */
	};
	rootObject = ED8192092AC2ECEA00C7C830 /* Project object */;
}
