// !$*UTF8*$!
{
	archiveVersion = 1;
	classes = {
	};
	objectVersion = 60;
	objects = {

/* Begin PBXBuildFile section */
		ED01F8562ADBF04900A300DC /* DeleteRoutineSettingCell.swift in Sources */ = {isa = PBXBuildFile; fileRef = ED01F8552ADBF04900A300DC /* DeleteRoutineSettingCell.swift */; };
		ED01F8582ADC049300A300DC /* CancelOkAlertPresentable.swift in Sources */ = {isa = PBXBuildFile; fileRef = ED01F8572ADC049300A300DC /* CancelOkAlertPresentable.swift */; };
		ED0E74AB2ADFC8A600E94419 /* FSCalendarCustomCell.swift in Sources */ = {isa = PBXBuildFile; fileRef = ED0E74AA2ADFC8A600E94419 /* FSCalendarCustomCell.swift */; };
		ED1407DA2AC2FC250050E631 /* .swiftlint.yml in Resources */ = {isa = PBXBuildFile; fileRef = ED1407D92AC2FC240050E631 /* .swiftlint.yml */; };
		ED1407DD2AC2FDDE0050E631 /* RxCocoa in Frameworks */ = {isa = PBXBuildFile; productRef = ED1407DC2AC2FDDE0050E631 /* RxCocoa */; };
		ED1407DF2AC2FDDE0050E631 /* RxRelay in Frameworks */ = {isa = PBXBuildFile; productRef = ED1407DE2AC2FDDE0050E631 /* RxRelay */; };
		ED1407E12AC2FDDE0050E631 /* RxSwift in Frameworks */ = {isa = PBXBuildFile; productRef = ED1407E02AC2FDDE0050E631 /* RxSwift */; };
		ED1407E42AC2FE3D0050E631 /* SnapKit in Frameworks */ = {isa = PBXBuildFile; productRef = ED1407E32AC2FE3D0050E631 /* SnapKit */; };
		ED1407E72AC2FE5D0050E631 /* FSCalendar in Frameworks */ = {isa = PBXBuildFile; productRef = ED1407E62AC2FE5D0050E631 /* FSCalendar */; };
		ED1407EA2AC2FF4D0050E631 /* Realm in Frameworks */ = {isa = PBXBuildFile; productRef = ED1407E92AC2FF4D0050E631 /* Realm */; };
		ED1407EC2AC2FF4D0050E631 /* RealmSwift in Frameworks */ = {isa = PBXBuildFile; productRef = ED1407EB2AC2FF4D0050E631 /* RealmSwift */; };
		ED38F9142ADA548D005126F3 /* LocalNotificationType.swift in Sources */ = {isa = PBXBuildFile; fileRef = ED38F9132ADA548D005126F3 /* LocalNotificationType.swift */; };
		ED38F9162ADA8CD8005126F3 /* RoutineSettingSaveable.swift in Sources */ = {isa = PBXBuildFile; fileRef = ED38F9152ADA8CD8005126F3 /* RoutineSettingSaveable.swift */; };
		ED38F9182ADAC156005126F3 /* NSNotificationName+Extension.swift in Sources */ = {isa = PBXBuildFile; fileRef = ED38F9172ADAC156005126F3 /* NSNotificationName+Extension.swift */; };
		ED4D40E92AD8DB7B00C49C8A /* InfoPlist.xcstrings in Resources */ = {isa = PBXBuildFile; fileRef = ED4D40E82AD8DB7B00C49C8A /* InfoPlist.xcstrings */; };
		ED4D40EB2AD8DB8A00C49C8A /* Localizable.xcstrings in Resources */ = {isa = PBXBuildFile; fileRef = ED4D40EA2AD8DB8A00C49C8A /* Localizable.xcstrings */; };
		ED4D40F12AD95DF500C49C8A /* UserNotificationManager.swift in Sources */ = {isa = PBXBuildFile; fileRef = ED4D40F02AD95DF500C49C8A /* UserNotificationManager.swift */; };
		ED4D40F42AD971C300C49C8A /* CalendarNotification.swift in Sources */ = {isa = PBXBuildFile; fileRef = ED4D40F32AD971C300C49C8A /* CalendarNotification.swift */; };
		ED4DB3AD2AD3DA3C003535C9 /* TimePickerViewType.swift in Sources */ = {isa = PBXBuildFile; fileRef = ED4DB3AC2AD3DA3C003535C9 /* TimePickerViewType.swift */; };
		ED4DB3AF2AD3EF31003535C9 /* DateFormatter+Extension.swift in Sources */ = {isa = PBXBuildFile; fileRef = ED4DB3AE2AD3EF31003535C9 /* DateFormatter+Extension.swift */; };
		ED4DB3B62AD3FC3F003535C9 /* FastTimePickerViewModel.swift in Sources */ = {isa = PBXBuildFile; fileRef = ED4DB3B52AD3FC3F003535C9 /* FastTimePickerViewModel.swift */; };
		ED4DB3B82AD3FC4A003535C9 /* FastTimePickerViewController.swift in Sources */ = {isa = PBXBuildFile; fileRef = ED4DB3B72AD3FC4A003535C9 /* FastTimePickerViewController.swift */; };
		ED4DB3BA2AD4318A003535C9 /* TimerUseCase.swift in Sources */ = {isa = PBXBuildFile; fileRef = ED4DB3B92AD4318A003535C9 /* TimerUseCase.swift */; };
		ED4DB3BE2AD4D457003535C9 /* LocalRepositoryError.swift in Sources */ = {isa = PBXBuildFile; fileRef = ED4DB3BD2AD4D457003535C9 /* LocalRepositoryError.swift */; };
		ED4DB3C02AD50DAD003535C9 /* DateComponents+Extension.swift in Sources */ = {isa = PBXBuildFile; fileRef = ED4DB3BF2AD50DAD003535C9 /* DateComponents+Extension.swift */; };
		ED4DB3C22AD5100F003535C9 /* Date+Extension.swift in Sources */ = {isa = PBXBuildFile; fileRef = ED4DB3C12AD5100F003535C9 /* Date+Extension.swift */; };
		ED4DB3C62AD53337003535C9 /* RoutineSettingFetchable.swift in Sources */ = {isa = PBXBuildFile; fileRef = ED4DB3C52AD53337003535C9 /* RoutineSettingFetchable.swift */; };
		ED4DB3CB2AD5420E003535C9 /* TimerState.swift in Sources */ = {isa = PBXBuildFile; fileRef = ED4DB3CA2AD5420E003535C9 /* TimerState.swift */; };
		ED5090482ACD3F7600CE1456 /* UIFont+Extension.swift in Sources */ = {isa = PBXBuildFile; fileRef = ED5090472ACD3F7600CE1456 /* UIFont+Extension.swift */; };
		ED50E9522ACEF2C200182922 /* SettingRoutineViewModel.swift in Sources */ = {isa = PBXBuildFile; fileRef = ED50E9512ACEF2C200182922 /* SettingRoutineViewModel.swift */; };
		ED50E9542ACEF2D200182922 /* SettingRoutineViewController.swift in Sources */ = {isa = PBXBuildFile; fileRef = ED50E9532ACEF2D200182922 /* SettingRoutineViewController.swift */; };
		ED50E9582ACF0CC200182922 /* DayCollectionViewCell.swift in Sources */ = {isa = PBXBuildFile; fileRef = ED50E9572ACF0CC200182922 /* DayCollectionViewCell.swift */; };
		ED50E95A2ACF903A00182922 /* TimeSettingCollectionViewCell.swift in Sources */ = {isa = PBXBuildFile; fileRef = ED50E9592ACF903A00182922 /* TimeSettingCollectionViewCell.swift */; };
		ED50E95C2ACF908200182922 /* FastRoutineCollectionViewCell.swift in Sources */ = {isa = PBXBuildFile; fileRef = ED50E95B2ACF908200182922 /* FastRoutineCollectionViewCell.swift */; };
		ED50E9602ACF913E00182922 /* TitleCollectionViewHeader.swift in Sources */ = {isa = PBXBuildFile; fileRef = ED50E95F2ACF913E00182922 /* TitleCollectionViewHeader.swift */; };
		ED50E9622ACFCA3D00182922 /* WeekDay.swift in Sources */ = {isa = PBXBuildFile; fileRef = ED50E9612ACFCA3D00182922 /* WeekDay.swift */; };
		ED50E9662ACFCB9B00182922 /* FastRoutine.swift in Sources */ = {isa = PBXBuildFile; fileRef = ED50E9652ACFCB9B00182922 /* FastRoutine.swift */; };
		ED50E96A2AD0F62A00182922 /* UITextField+Extension.swift in Sources */ = {isa = PBXBuildFile; fileRef = ED50E9692AD0F62A00182922 /* UITextField+Extension.swift */; };
		ED50E96C2AD104E600182922 /* UILabel+Extension.swift in Sources */ = {isa = PBXBuildFile; fileRef = ED50E96B2AD104E600182922 /* UILabel+Extension.swift */; };
		ED50E9782AD16C8700182922 /* TimerRoutineSetting.swift in Sources */ = {isa = PBXBuildFile; fileRef = ED50E9772AD16C8700182922 /* TimerRoutineSetting.swift */; };
		ED50E97B2AD16DB300182922 /* TimerRoutineSettingTable+Mapping.swift in Sources */ = {isa = PBXBuildFile; fileRef = ED50E97A2AD16DB300182922 /* TimerRoutineSettingTable+Mapping.swift */; };
		ED50E97D2AD1716D00182922 /* RealmUniqueKey.swift in Sources */ = {isa = PBXBuildFile; fileRef = ED50E97C2AD1716D00182922 /* RealmUniqueKey.swift */; };
		ED50E97F2AD17E4F00182922 /* TimerRoutineSettingRepository.swift in Sources */ = {isa = PBXBuildFile; fileRef = ED50E97E2AD17E4F00182922 /* TimerRoutineSettingRepository.swift */; };
		ED50E9822AD17F4300182922 /* DefaultTimerRoutineSettingRepository.swift in Sources */ = {isa = PBXBuildFile; fileRef = ED50E9812AD17F4300182922 /* DefaultTimerRoutineSettingRepository.swift */; };
		ED50E9872AD198DB00182922 /* Array+Extenstion.swift in Sources */ = {isa = PBXBuildFile; fileRef = ED50E9862AD198DB00182922 /* Array+Extenstion.swift */; };
		ED50E9892AD1990400182922 /* List+Extension.swift in Sources */ = {isa = PBXBuildFile; fileRef = ED50E9882AD1990400182922 /* List+Extension.swift */; };
		ED622C392AE00FD8004DCF1F /* FastRecordViewController.swift in Sources */ = {isa = PBXBuildFile; fileRef = ED622C382AE00FD8004DCF1F /* FastRecordViewController.swift */; };
		ED622C3B2AE00FF6004DCF1F /* WeightRecordViewController.swift in Sources */ = {isa = PBXBuildFile; fileRef = ED622C3A2AE00FF6004DCF1F /* WeightRecordViewController.swift */; };
		ED65BEBB2AD385B900534F7C /* StartTimerPickerViewController.swift in Sources */ = {isa = PBXBuildFile; fileRef = ED65BEBA2AD385B900534F7C /* StartTimerPickerViewController.swift */; };
		ED65BEBD2AD3BF0600534F7C /* StartTimePickerViewModel.swift in Sources */ = {isa = PBXBuildFile; fileRef = ED65BEBC2AD3BF0600534F7C /* StartTimePickerViewModel.swift */; };
		ED6C671E2AC8395400230621 /* Coordinator.swift in Sources */ = {isa = PBXBuildFile; fileRef = ED6C671D2AC8395400230621 /* Coordinator.swift */; };
		ED6C67232AC83EA100230621 /* TimerViewController.swift in Sources */ = {isa = PBXBuildFile; fileRef = ED6C67222AC83EA100230621 /* TimerViewController.swift */; };
		ED6C67262AC83EB200230621 /* TimerViewModel.swift in Sources */ = {isa = PBXBuildFile; fileRef = ED6C67252AC83EB200230621 /* TimerViewModel.swift */; };
		ED6C67292AC83EF300230621 /* BaseViewController.swift in Sources */ = {isa = PBXBuildFile; fileRef = ED6C67282AC83EF300230621 /* BaseViewController.swift */; };
		ED6C672B2AC8401800230621 /* ViewModel.swift in Sources */ = {isa = PBXBuildFile; fileRef = ED6C672A2AC8401800230621 /* ViewModel.swift */; };
		ED6C672F2AC841AB00230621 /* Constants.swift in Sources */ = {isa = PBXBuildFile; fileRef = ED6C672E2AC841AB00230621 /* Constants.swift */; };
		ED6C67342AC84F2C00230621 /* TimerCoordinator.swift in Sources */ = {isa = PBXBuildFile; fileRef = ED6C67332AC84F2C00230621 /* TimerCoordinator.swift */; };
		ED6C67382AC9029400230621 /* Log.swift in Sources */ = {isa = PBXBuildFile; fileRef = ED6C67372AC9029400230621 /* Log.swift */; };
		ED6C673B2AC9033D00230621 /* OSLog.framework in Frameworks */ = {isa = PBXBuildFile; fileRef = ED6C673A2AC9033D00230621 /* OSLog.framework */; };
		ED6C673E2ACA9C7F00230621 /* CoordinatorFinishDelegate.swift in Sources */ = {isa = PBXBuildFile; fileRef = ED6C673D2ACA9C7F00230621 /* CoordinatorFinishDelegate.swift */; };
		ED80B9F12AE0E6A500F85A66 /* RecordEnum.swift in Sources */ = {isa = PBXBuildFile; fileRef = ED80B9F02AE0E6A500F85A66 /* RecordEnum.swift */; };
		ED80B9F72AE10B0400F85A66 /* WriteFastRecordViewController.swift in Sources */ = {isa = PBXBuildFile; fileRef = ED80B9F62AE10B0400F85A66 /* WriteFastRecordViewController.swift */; };
		ED80B9F92AE10B2D00F85A66 /* WriteFastRecordViewModel.swift in Sources */ = {isa = PBXBuildFile; fileRef = ED80B9F82AE10B2D00F85A66 /* WriteFastRecordViewModel.swift */; };
		ED80B9FB2AE10CA000F85A66 /* FastRecordViewModel.swift in Sources */ = {isa = PBXBuildFile; fileRef = ED80B9FA2AE10CA000F85A66 /* FastRecordViewModel.swift */; };
		ED8192152AC2ECEA00C7C830 /* AppDelegate.swift in Sources */ = {isa = PBXBuildFile; fileRef = ED8192142AC2ECEA00C7C830 /* AppDelegate.swift */; };
		ED8192172AC2ECEA00C7C830 /* SceneDelegate.swift in Sources */ = {isa = PBXBuildFile; fileRef = ED8192162AC2ECEA00C7C830 /* SceneDelegate.swift */; };
		ED81921E2AC2ECEB00C7C830 /* Assets.xcassets in Resources */ = {isa = PBXBuildFile; fileRef = ED81921D2AC2ECEB00C7C830 /* Assets.xcassets */; };
		ED8192212AC2ECEB00C7C830 /* LaunchScreen.storyboard in Resources */ = {isa = PBXBuildFile; fileRef = ED81921F2AC2ECEB00C7C830 /* LaunchScreen.storyboard */; };
		ED8192292AC2EE2700C7C830 /* .gitignore in Resources */ = {isa = PBXBuildFile; fileRef = ED8192282AC2EE2700C7C830 /* .gitignore */; };
		ED830EB22ACE8BF2000B715A /* SelectFastModeCollectionView.swift in Sources */ = {isa = PBXBuildFile; fileRef = ED830EB02ACE8BF2000B715A /* SelectFastModeCollectionView.swift */; };
		ED830EB32ACE8BF2000B715A /* SelectFastModeCollectionViewCell.swift in Sources */ = {isa = PBXBuildFile; fileRef = ED830EB12ACE8BF2000B715A /* SelectFastModeCollectionViewCell.swift */; };
		ED830EB52ACE97DE000B715A /* Reuseable.swift in Sources */ = {isa = PBXBuildFile; fileRef = ED830EB42ACE97DE000B715A /* Reuseable.swift */; };
		ED86F5572ADEAC9A00CA83AE /* RxFSCalendarDelegateProxy.swift in Sources */ = {isa = PBXBuildFile; fileRef = ED86F5562ADEAC9A00CA83AE /* RxFSCalendarDelegateProxy.swift */; };
		ED86F55C2ADEF9E600CA83AE /* UnderlineSegmentContorl.swift in Sources */ = {isa = PBXBuildFile; fileRef = ED86F55B2ADEF9E600CA83AE /* UnderlineSegmentContorl.swift */; };
		ED89A7702AE23D8000C663D9 /* UserDefaultsManager.swift in Sources */ = {isa = PBXBuildFile; fileRef = ED89A76F2AE23D8000C663D9 /* UserDefaultsManager.swift */; };
		EDA250D12AD77780004EE6F9 /* TimeInterval+Extension.swift in Sources */ = {isa = PBXBuildFile; fileRef = EDA250D02AD77780004EE6F9 /* TimeInterval+Extension.swift */; };
		EDA250D32AD77DF6004EE6F9 /* Int+Extension.swift in Sources */ = {isa = PBXBuildFile; fileRef = EDA250D22AD77DF6004EE6F9 /* Int+Extension.swift */; };
		EDA37B352AE63AA500EC6D6E /* FastTitleView.swift in Sources */ = {isa = PBXBuildFile; fileRef = EDA37B342AE63AA500EC6D6E /* FastTitleView.swift */; };
		EDA776EB2ACAB48B0019DCB1 /* TabBarController.swift in Sources */ = {isa = PBXBuildFile; fileRef = EDA776EA2ACAB48B0019DCB1 /* TabBarController.swift */; };
		EDA776F02ACAB5CA0019DCB1 /* AppCoordinator.swift in Sources */ = {isa = PBXBuildFile; fileRef = EDA776EF2ACAB5CA0019DCB1 /* AppCoordinator.swift */; };
		EDA776F22ACAB8230019DCB1 /* BaseCoordinator.swift in Sources */ = {isa = PBXBuildFile; fileRef = EDA776F12ACAB8230019DCB1 /* BaseCoordinator.swift */; };
		EDA776F72ACAC3CE0019DCB1 /* TabBarCoordinator.swift in Sources */ = {isa = PBXBuildFile; fileRef = EDA776F62ACAC3CE0019DCB1 /* TabBarCoordinator.swift */; };
		EDA776F92ACAC7470019DCB1 /* AppDIContainer.swift in Sources */ = {isa = PBXBuildFile; fileRef = EDA776F82ACAC7470019DCB1 /* AppDIContainer.swift */; };
		EDA776FB2ACAF9C50019DCB1 /* TabBarDIContainer.swift in Sources */ = {isa = PBXBuildFile; fileRef = EDA776FA2ACAF9C50019DCB1 /* TabBarDIContainer.swift */; };
		EDA776FD2ACAFE540019DCB1 /* TabBarEnum.swift in Sources */ = {isa = PBXBuildFile; fileRef = EDA776FC2ACAFE540019DCB1 /* TabBarEnum.swift */; };
		EDA776FF2ACB00F50019DCB1 /* TimerDIContainer.swift in Sources */ = {isa = PBXBuildFile; fileRef = EDA776FE2ACB00F50019DCB1 /* TimerDIContainer.swift */; };
		EDA7770E2ACBF29C0019DCB1 /* TimerProgressView.swift in Sources */ = {isa = PBXBuildFile; fileRef = EDA7770D2ACBF29C0019DCB1 /* TimerProgressView.swift */; };
		EDAC26FE2AEFA7770095A564 /* UIScrollView+Extension.swift in Sources */ = {isa = PBXBuildFile; fileRef = EDAC26FD2AEFA7770095A564 /* UIScrollView+Extension.swift */; };
		EDAC27012AEFB4B10095A564 /* RxKeyboard in Frameworks */ = {isa = PBXBuildFile; productRef = EDAC27002AEFB4B10095A564 /* RxKeyboard */; };
		EDAC27032AEFD1B00095A564 /* PasteDisableTextField.swift in Sources */ = {isa = PBXBuildFile; fileRef = EDAC27022AEFD1B00095A564 /* PasteDisableTextField.swift */; };
		EDACF3672ACEA32A00F72CE8 /* FastMode.swift in Sources */ = {isa = PBXBuildFile; fileRef = EDACF3662ACEA32A00F72CE8 /* FastMode.swift */; };
		EDACF36D2ACECE5300F72CE8 /* SettingTimerCoordinator.swift in Sources */ = {isa = PBXBuildFile; fileRef = EDACF36C2ACECE5300F72CE8 /* SettingTimerCoordinator.swift */; };
		EDACF3712ACED31000F72CE8 /* SettingTimerDIContainer.swift in Sources */ = {isa = PBXBuildFile; fileRef = EDACF3702ACED31000F72CE8 /* SettingTimerDIContainer.swift */; };
		EDBAAA2E2AD273C500CB84C8 /* TimeSettingView.swift in Sources */ = {isa = PBXBuildFile; fileRef = EDBAAA2D2AD273C500CB84C8 /* TimeSettingView.swift */; };
		EDBAAA302AD2B1D900CB84C8 /* SettingRoutineSection.swift in Sources */ = {isa = PBXBuildFile; fileRef = EDBAAA2F2AD2B1D900CB84C8 /* SettingRoutineSection.swift */; };
		EDBAAA322AD2BCEB00CB84C8 /* RecommendFastRoutine.swift in Sources */ = {isa = PBXBuildFile; fileRef = EDBAAA312AD2BCEB00CB84C8 /* RecommendFastRoutine.swift */; };
		EDC2CC232ACD89F90096D2F0 /* Reactive+Extension.swift in Sources */ = {isa = PBXBuildFile; fileRef = EDC2CC222ACD89F90096D2F0 /* Reactive+Extension.swift */; };
		EDC2CC272ACD9A8E0096D2F0 /* Step.swift in Sources */ = {isa = PBXBuildFile; fileRef = EDC2CC262ACD9A8E0096D2F0 /* Step.swift */; };
		EDC2CC2F2ACE458F0096D2F0 /* SelectFastModeViewController.swift in Sources */ = {isa = PBXBuildFile; fileRef = EDC2CC2E2ACE458F0096D2F0 /* SelectFastModeViewController.swift */; };
		EDC2CC312ACE459A0096D2F0 /* SelectFastModeViewModel.swift in Sources */ = {isa = PBXBuildFile; fileRef = EDC2CC302ACE459A0096D2F0 /* SelectFastModeViewModel.swift */; };
		EDC66EC82ADCFA120085B184 /* FastInterruptedDayTable+Mapping.swift in Sources */ = {isa = PBXBuildFile; fileRef = EDC66EC72ADCFA120085B184 /* FastInterruptedDayTable+Mapping.swift */; };
		EDC66ECA2ADCFB470085B184 /* FastInterruptedDayRepository.swift in Sources */ = {isa = PBXBuildFile; fileRef = EDC66EC92ADCFB470085B184 /* FastInterruptedDayRepository.swift */; };
		EDC66ECC2ADCFBE00085B184 /* DefaultFastInterruptedDayRepository.swift in Sources */ = {isa = PBXBuildFile; fileRef = EDC66ECB2ADCFBE00085B184 /* DefaultFastInterruptedDayRepository.swift */; };
		EDC66ECE2ADD10480085B184 /* FastInterruptable.swift in Sources */ = {isa = PBXBuildFile; fileRef = EDC66ECD2ADD10480085B184 /* FastInterruptable.swift */; };
		EDC66ED02ADD9B5C0085B184 /* InterruptedFast.swift in Sources */ = {isa = PBXBuildFile; fileRef = EDC66ECF2ADD9B5C0085B184 /* InterruptedFast.swift */; };
		EDC66ED22ADE441F0085B184 /* Localization.swift in Sources */ = {isa = PBXBuildFile; fileRef = EDC66ED12ADE441F0085B184 /* Localization.swift */; };
		EDC66ED92ADE5E1A0085B184 /* RecordMainViewModel.swift in Sources */ = {isa = PBXBuildFile; fileRef = EDC66ED82ADE5E1A0085B184 /* RecordMainViewModel.swift */; };
		EDC66EDB2ADE5E270085B184 /* RecordMainViewController.swift in Sources */ = {isa = PBXBuildFile; fileRef = EDC66EDA2ADE5E270085B184 /* RecordMainViewController.swift */; };
		EDC66EDD2ADE5F340085B184 /* RecordCoordinator.swift in Sources */ = {isa = PBXBuildFile; fileRef = EDC66EDC2ADE5F340085B184 /* RecordCoordinator.swift */; };
		EDC66EDF2ADE66F20085B184 /* RecordDIContainer.swift in Sources */ = {isa = PBXBuildFile; fileRef = EDC66EDE2ADE66F20085B184 /* RecordDIContainer.swift */; };
		EDC682F42AF007A300702E4D /* WeightRecordViewModel.swift in Sources */ = {isa = PBXBuildFile; fileRef = EDC682F32AF007A300702E4D /* WeightRecordViewModel.swift */; };
		EDC9A40D2ACD6249009A5AB1 /* ButtonConfiguration.swift in Sources */ = {isa = PBXBuildFile; fileRef = EDC9A40C2ACD6249009A5AB1 /* ButtonConfiguration.swift */; };
		EDEB160E2AF11E2A00B03962 /* FastRecord.swift in Sources */ = {isa = PBXBuildFile; fileRef = EDEB160D2AF11E2A00B03962 /* FastRecord.swift */; };
		EDEB16122AF1220F00B03962 /* FastRecordTable+Mapping.swift in Sources */ = {isa = PBXBuildFile; fileRef = EDEB16112AF1220F00B03962 /* FastRecordTable+Mapping.swift */; };
		EDEB16142AF1270D00B03962 /* String+Extension.swift in Sources */ = {isa = PBXBuildFile; fileRef = EDEB16132AF1270D00B03962 /* String+Extension.swift */; };
		EDEB16162AF14AB900B03962 /* WeightRecord.swift in Sources */ = {isa = PBXBuildFile; fileRef = EDEB16152AF14AB900B03962 /* WeightRecord.swift */; };
		EDEB16182AF14C3100B03962 /* WeightRecordTable+Mapping.swift in Sources */ = {isa = PBXBuildFile; fileRef = EDEB16172AF14C3100B03962 /* WeightRecordTable+Mapping.swift */; };
		EDEB161A2AF14F2E00B03962 /* FastRecordRepository.swift in Sources */ = {isa = PBXBuildFile; fileRef = EDEB16192AF14F2E00B03962 /* FastRecordRepository.swift */; };
		EDEB161C2AF14F3E00B03962 /* WeightRecordRepository.swift in Sources */ = {isa = PBXBuildFile; fileRef = EDEB161B2AF14F3E00B03962 /* WeightRecordRepository.swift */; };
		EDEB161E2AF1511700B03962 /* DefaultFastRecordRepository.swift in Sources */ = {isa = PBXBuildFile; fileRef = EDEB161D2AF1511700B03962 /* DefaultFastRecordRepository.swift */; };
		EDEB16202AF157C900B03962 /* DefaultWeightRecordRepository.swift in Sources */ = {isa = PBXBuildFile; fileRef = EDEB161F2AF157C900B03962 /* DefaultWeightRecordRepository.swift */; };
		EDEBF9482AD263940002C24B /* BaseRealmRepository.swift in Sources */ = {isa = PBXBuildFile; fileRef = EDEBF9472AD263940002C24B /* BaseRealmRepository.swift */; };
		EDF700E92AC80D7D00DBA5E8 /* UIView+Preview.swift in Sources */ = {isa = PBXBuildFile; fileRef = EDF700E82AC80D7D00DBA5E8 /* UIView+Preview.swift */; };
		EDF700EB2AC80E7E00DBA5E8 /* UIViewController+Preview.swift in Sources */ = {isa = PBXBuildFile; fileRef = EDF700EA2AC80E7E00DBA5E8 /* UIViewController+Preview.swift */; };
/* End PBXBuildFile section */

/* Begin PBXFileReference section */
		ED01F8552ADBF04900A300DC /* DeleteRoutineSettingCell.swift */ = {isa = PBXFileReference; lastKnownFileType = sourcecode.swift; path = DeleteRoutineSettingCell.swift; sourceTree = "<group>"; };
		ED01F8572ADC049300A300DC /* CancelOkAlertPresentable.swift */ = {isa = PBXFileReference; lastKnownFileType = sourcecode.swift; path = CancelOkAlertPresentable.swift; sourceTree = "<group>"; };
		ED0E74AA2ADFC8A600E94419 /* FSCalendarCustomCell.swift */ = {isa = PBXFileReference; lastKnownFileType = sourcecode.swift; path = FSCalendarCustomCell.swift; sourceTree = "<group>"; };
		ED1407D92AC2FC240050E631 /* .swiftlint.yml */ = {isa = PBXFileReference; fileEncoding = 4; lastKnownFileType = text.yaml; path = .swiftlint.yml; sourceTree = "<group>"; };
		ED38F9132ADA548D005126F3 /* LocalNotificationType.swift */ = {isa = PBXFileReference; lastKnownFileType = sourcecode.swift; path = LocalNotificationType.swift; sourceTree = "<group>"; };
		ED38F9152ADA8CD8005126F3 /* RoutineSettingSaveable.swift */ = {isa = PBXFileReference; lastKnownFileType = sourcecode.swift; path = RoutineSettingSaveable.swift; sourceTree = "<group>"; };
		ED38F9172ADAC156005126F3 /* NSNotificationName+Extension.swift */ = {isa = PBXFileReference; lastKnownFileType = sourcecode.swift; path = "NSNotificationName+Extension.swift"; sourceTree = "<group>"; };
		ED4D40E72AD8DB3000C49C8A /* mul */ = {isa = PBXFileReference; lastKnownFileType = text.json.xcstrings; name = mul; path = mul.lproj/LaunchScreen.xcstrings; sourceTree = "<group>"; };
		ED4D40E82AD8DB7B00C49C8A /* InfoPlist.xcstrings */ = {isa = PBXFileReference; fileEncoding = 4; lastKnownFileType = text.json.xcstrings; path = InfoPlist.xcstrings; sourceTree = "<group>"; };
		ED4D40EA2AD8DB8A00C49C8A /* Localizable.xcstrings */ = {isa = PBXFileReference; fileEncoding = 4; lastKnownFileType = text.json.xcstrings; path = Localizable.xcstrings; sourceTree = "<group>"; };
		ED4D40F02AD95DF500C49C8A /* UserNotificationManager.swift */ = {isa = PBXFileReference; lastKnownFileType = sourcecode.swift; path = UserNotificationManager.swift; sourceTree = "<group>"; };
		ED4D40F32AD971C300C49C8A /* CalendarNotification.swift */ = {isa = PBXFileReference; lastKnownFileType = sourcecode.swift; path = CalendarNotification.swift; sourceTree = "<group>"; };
		ED4DB3AC2AD3DA3C003535C9 /* TimePickerViewType.swift */ = {isa = PBXFileReference; lastKnownFileType = sourcecode.swift; path = TimePickerViewType.swift; sourceTree = "<group>"; };
		ED4DB3AE2AD3EF31003535C9 /* DateFormatter+Extension.swift */ = {isa = PBXFileReference; lastKnownFileType = sourcecode.swift; path = "DateFormatter+Extension.swift"; sourceTree = "<group>"; };
		ED4DB3B52AD3FC3F003535C9 /* FastTimePickerViewModel.swift */ = {isa = PBXFileReference; lastKnownFileType = sourcecode.swift; path = FastTimePickerViewModel.swift; sourceTree = "<group>"; };
		ED4DB3B72AD3FC4A003535C9 /* FastTimePickerViewController.swift */ = {isa = PBXFileReference; lastKnownFileType = sourcecode.swift; path = FastTimePickerViewController.swift; sourceTree = "<group>"; };
		ED4DB3B92AD4318A003535C9 /* TimerUseCase.swift */ = {isa = PBXFileReference; lastKnownFileType = sourcecode.swift; path = TimerUseCase.swift; sourceTree = "<group>"; };
		ED4DB3BD2AD4D457003535C9 /* LocalRepositoryError.swift */ = {isa = PBXFileReference; lastKnownFileType = sourcecode.swift; path = LocalRepositoryError.swift; sourceTree = "<group>"; };
		ED4DB3BF2AD50DAD003535C9 /* DateComponents+Extension.swift */ = {isa = PBXFileReference; lastKnownFileType = sourcecode.swift; path = "DateComponents+Extension.swift"; sourceTree = "<group>"; };
		ED4DB3C12AD5100F003535C9 /* Date+Extension.swift */ = {isa = PBXFileReference; lastKnownFileType = sourcecode.swift; path = "Date+Extension.swift"; sourceTree = "<group>"; };
		ED4DB3C52AD53337003535C9 /* RoutineSettingFetchable.swift */ = {isa = PBXFileReference; lastKnownFileType = sourcecode.swift; path = RoutineSettingFetchable.swift; sourceTree = "<group>"; };
		ED4DB3CA2AD5420E003535C9 /* TimerState.swift */ = {isa = PBXFileReference; lastKnownFileType = sourcecode.swift; path = TimerState.swift; sourceTree = "<group>"; };
		ED5090472ACD3F7600CE1456 /* UIFont+Extension.swift */ = {isa = PBXFileReference; lastKnownFileType = sourcecode.swift; path = "UIFont+Extension.swift"; sourceTree = "<group>"; };
		ED50E9512ACEF2C200182922 /* SettingRoutineViewModel.swift */ = {isa = PBXFileReference; lastKnownFileType = sourcecode.swift; path = SettingRoutineViewModel.swift; sourceTree = "<group>"; };
		ED50E9532ACEF2D200182922 /* SettingRoutineViewController.swift */ = {isa = PBXFileReference; lastKnownFileType = sourcecode.swift; path = SettingRoutineViewController.swift; sourceTree = "<group>"; };
		ED50E9572ACF0CC200182922 /* DayCollectionViewCell.swift */ = {isa = PBXFileReference; lastKnownFileType = sourcecode.swift; path = DayCollectionViewCell.swift; sourceTree = "<group>"; };
		ED50E9592ACF903A00182922 /* TimeSettingCollectionViewCell.swift */ = {isa = PBXFileReference; lastKnownFileType = sourcecode.swift; path = TimeSettingCollectionViewCell.swift; sourceTree = "<group>"; };
		ED50E95B2ACF908200182922 /* FastRoutineCollectionViewCell.swift */ = {isa = PBXFileReference; lastKnownFileType = sourcecode.swift; path = FastRoutineCollectionViewCell.swift; sourceTree = "<group>"; };
		ED50E95F2ACF913E00182922 /* TitleCollectionViewHeader.swift */ = {isa = PBXFileReference; lastKnownFileType = sourcecode.swift; path = TitleCollectionViewHeader.swift; sourceTree = "<group>"; };
		ED50E9612ACFCA3D00182922 /* WeekDay.swift */ = {isa = PBXFileReference; lastKnownFileType = sourcecode.swift; path = WeekDay.swift; sourceTree = "<group>"; };
		ED50E9652ACFCB9B00182922 /* FastRoutine.swift */ = {isa = PBXFileReference; lastKnownFileType = sourcecode.swift; path = FastRoutine.swift; sourceTree = "<group>"; };
		ED50E9692AD0F62A00182922 /* UITextField+Extension.swift */ = {isa = PBXFileReference; lastKnownFileType = sourcecode.swift; path = "UITextField+Extension.swift"; sourceTree = "<group>"; };
		ED50E96B2AD104E600182922 /* UILabel+Extension.swift */ = {isa = PBXFileReference; lastKnownFileType = sourcecode.swift; path = "UILabel+Extension.swift"; sourceTree = "<group>"; };
		ED50E9772AD16C8700182922 /* TimerRoutineSetting.swift */ = {isa = PBXFileReference; lastKnownFileType = sourcecode.swift; path = TimerRoutineSetting.swift; sourceTree = "<group>"; };
		ED50E97A2AD16DB300182922 /* TimerRoutineSettingTable+Mapping.swift */ = {isa = PBXFileReference; lastKnownFileType = sourcecode.swift; path = "TimerRoutineSettingTable+Mapping.swift"; sourceTree = "<group>"; };
		ED50E97C2AD1716D00182922 /* RealmUniqueKey.swift */ = {isa = PBXFileReference; lastKnownFileType = sourcecode.swift; path = RealmUniqueKey.swift; sourceTree = "<group>"; };
		ED50E97E2AD17E4F00182922 /* TimerRoutineSettingRepository.swift */ = {isa = PBXFileReference; lastKnownFileType = sourcecode.swift; path = TimerRoutineSettingRepository.swift; sourceTree = "<group>"; };
		ED50E9812AD17F4300182922 /* DefaultTimerRoutineSettingRepository.swift */ = {isa = PBXFileReference; lastKnownFileType = sourcecode.swift; path = DefaultTimerRoutineSettingRepository.swift; sourceTree = "<group>"; };
		ED50E9862AD198DB00182922 /* Array+Extenstion.swift */ = {isa = PBXFileReference; lastKnownFileType = sourcecode.swift; path = "Array+Extenstion.swift"; sourceTree = "<group>"; };
		ED50E9882AD1990400182922 /* List+Extension.swift */ = {isa = PBXFileReference; lastKnownFileType = sourcecode.swift; path = "List+Extension.swift"; sourceTree = "<group>"; };
		ED622C382AE00FD8004DCF1F /* FastRecordViewController.swift */ = {isa = PBXFileReference; lastKnownFileType = sourcecode.swift; path = FastRecordViewController.swift; sourceTree = "<group>"; };
		ED622C3A2AE00FF6004DCF1F /* WeightRecordViewController.swift */ = {isa = PBXFileReference; lastKnownFileType = sourcecode.swift; path = WeightRecordViewController.swift; sourceTree = "<group>"; };
		ED65BEBA2AD385B900534F7C /* StartTimerPickerViewController.swift */ = {isa = PBXFileReference; lastKnownFileType = sourcecode.swift; path = StartTimerPickerViewController.swift; sourceTree = "<group>"; };
		ED65BEBC2AD3BF0600534F7C /* StartTimePickerViewModel.swift */ = {isa = PBXFileReference; lastKnownFileType = sourcecode.swift; path = StartTimePickerViewModel.swift; sourceTree = "<group>"; };
		ED6C671D2AC8395400230621 /* Coordinator.swift */ = {isa = PBXFileReference; lastKnownFileType = sourcecode.swift; path = Coordinator.swift; sourceTree = "<group>"; };
		ED6C67222AC83EA100230621 /* TimerViewController.swift */ = {isa = PBXFileReference; lastKnownFileType = sourcecode.swift; path = TimerViewController.swift; sourceTree = "<group>"; };
		ED6C67252AC83EB200230621 /* TimerViewModel.swift */ = {isa = PBXFileReference; lastKnownFileType = sourcecode.swift; path = TimerViewModel.swift; sourceTree = "<group>"; };
		ED6C67282AC83EF300230621 /* BaseViewController.swift */ = {isa = PBXFileReference; lastKnownFileType = sourcecode.swift; path = BaseViewController.swift; sourceTree = "<group>"; };
		ED6C672A2AC8401800230621 /* ViewModel.swift */ = {isa = PBXFileReference; lastKnownFileType = sourcecode.swift; path = ViewModel.swift; sourceTree = "<group>"; };
		ED6C672E2AC841AB00230621 /* Constants.swift */ = {isa = PBXFileReference; lastKnownFileType = sourcecode.swift; path = Constants.swift; sourceTree = "<group>"; };
		ED6C67332AC84F2C00230621 /* TimerCoordinator.swift */ = {isa = PBXFileReference; lastKnownFileType = sourcecode.swift; path = TimerCoordinator.swift; sourceTree = "<group>"; };
		ED6C67372AC9029400230621 /* Log.swift */ = {isa = PBXFileReference; lastKnownFileType = sourcecode.swift; path = Log.swift; sourceTree = "<group>"; };
		ED6C673A2AC9033D00230621 /* OSLog.framework */ = {isa = PBXFileReference; lastKnownFileType = wrapper.framework; name = OSLog.framework; path = System/Library/Frameworks/OSLog.framework; sourceTree = SDKROOT; };
		ED6C673D2ACA9C7F00230621 /* CoordinatorFinishDelegate.swift */ = {isa = PBXFileReference; lastKnownFileType = sourcecode.swift; path = CoordinatorFinishDelegate.swift; sourceTree = "<group>"; };
		ED80B9F02AE0E6A500F85A66 /* RecordEnum.swift */ = {isa = PBXFileReference; lastKnownFileType = sourcecode.swift; path = RecordEnum.swift; sourceTree = "<group>"; };
		ED80B9F62AE10B0400F85A66 /* WriteFastRecordViewController.swift */ = {isa = PBXFileReference; lastKnownFileType = sourcecode.swift; path = WriteFastRecordViewController.swift; sourceTree = "<group>"; };
		ED80B9F82AE10B2D00F85A66 /* WriteFastRecordViewModel.swift */ = {isa = PBXFileReference; lastKnownFileType = sourcecode.swift; path = WriteFastRecordViewModel.swift; sourceTree = "<group>"; };
		ED80B9FA2AE10CA000F85A66 /* FastRecordViewModel.swift */ = {isa = PBXFileReference; lastKnownFileType = sourcecode.swift; path = FastRecordViewModel.swift; sourceTree = "<group>"; };
		ED8192112AC2ECEA00C7C830 /* TodayFastComplete.app */ = {isa = PBXFileReference; explicitFileType = wrapper.application; includeInIndex = 0; path = TodayFastComplete.app; sourceTree = BUILT_PRODUCTS_DIR; };
		ED8192142AC2ECEA00C7C830 /* AppDelegate.swift */ = {isa = PBXFileReference; lastKnownFileType = sourcecode.swift; path = AppDelegate.swift; sourceTree = "<group>"; };
		ED8192162AC2ECEA00C7C830 /* SceneDelegate.swift */ = {isa = PBXFileReference; lastKnownFileType = sourcecode.swift; path = SceneDelegate.swift; sourceTree = "<group>"; };
		ED81921D2AC2ECEB00C7C830 /* Assets.xcassets */ = {isa = PBXFileReference; lastKnownFileType = folder.assetcatalog; path = Assets.xcassets; sourceTree = "<group>"; };
		ED8192202AC2ECEB00C7C830 /* Base */ = {isa = PBXFileReference; lastKnownFileType = file.storyboard; name = Base; path = Base.lproj/LaunchScreen.storyboard; sourceTree = "<group>"; };
		ED8192222AC2ECEB00C7C830 /* Info.plist */ = {isa = PBXFileReference; lastKnownFileType = text.plist.xml; path = Info.plist; sourceTree = "<group>"; };
		ED8192282AC2EE2700C7C830 /* .gitignore */ = {isa = PBXFileReference; lastKnownFileType = text; path = .gitignore; sourceTree = "<group>"; };
		ED81922A2AC2EEAC00C7C830 /* Memo.md */ = {isa = PBXFileReference; lastKnownFileType = net.daringfireball.markdown; path = Memo.md; sourceTree = "<group>"; };
		ED830EB02ACE8BF2000B715A /* SelectFastModeCollectionView.swift */ = {isa = PBXFileReference; fileEncoding = 4; lastKnownFileType = sourcecode.swift; path = SelectFastModeCollectionView.swift; sourceTree = "<group>"; };
		ED830EB12ACE8BF2000B715A /* SelectFastModeCollectionViewCell.swift */ = {isa = PBXFileReference; fileEncoding = 4; lastKnownFileType = sourcecode.swift; path = SelectFastModeCollectionViewCell.swift; sourceTree = "<group>"; };
		ED830EB42ACE97DE000B715A /* Reuseable.swift */ = {isa = PBXFileReference; lastKnownFileType = sourcecode.swift; path = Reuseable.swift; sourceTree = "<group>"; };
		ED86F5562ADEAC9A00CA83AE /* RxFSCalendarDelegateProxy.swift */ = {isa = PBXFileReference; lastKnownFileType = sourcecode.swift; path = RxFSCalendarDelegateProxy.swift; sourceTree = "<group>"; };
		ED86F55B2ADEF9E600CA83AE /* UnderlineSegmentContorl.swift */ = {isa = PBXFileReference; lastKnownFileType = sourcecode.swift; path = UnderlineSegmentContorl.swift; sourceTree = "<group>"; };
		ED89A76F2AE23D8000C663D9 /* UserDefaultsManager.swift */ = {isa = PBXFileReference; lastKnownFileType = sourcecode.swift; path = UserDefaultsManager.swift; sourceTree = "<group>"; };
		EDA250D02AD77780004EE6F9 /* TimeInterval+Extension.swift */ = {isa = PBXFileReference; lastKnownFileType = sourcecode.swift; path = "TimeInterval+Extension.swift"; sourceTree = "<group>"; };
		EDA250D22AD77DF6004EE6F9 /* Int+Extension.swift */ = {isa = PBXFileReference; lastKnownFileType = sourcecode.swift; path = "Int+Extension.swift"; sourceTree = "<group>"; };
		EDA37B342AE63AA500EC6D6E /* FastTitleView.swift */ = {isa = PBXFileReference; lastKnownFileType = sourcecode.swift; path = FastTitleView.swift; sourceTree = "<group>"; };
		EDA776EA2ACAB48B0019DCB1 /* TabBarController.swift */ = {isa = PBXFileReference; lastKnownFileType = sourcecode.swift; name = TabBarController.swift; path = ../../../../../../Desktop/Study/iOS/TabBarController.swift; sourceTree = "<group>"; };
		EDA776ED2ACAB58B0019DCB1 /* TabBarController.swift */ = {isa = PBXFileReference; lastKnownFileType = sourcecode.swift; path = TabBarController.swift; sourceTree = "<group>"; };
		EDA776EF2ACAB5CA0019DCB1 /* AppCoordinator.swift */ = {isa = PBXFileReference; lastKnownFileType = sourcecode.swift; path = AppCoordinator.swift; sourceTree = "<group>"; };
		EDA776F12ACAB8230019DCB1 /* BaseCoordinator.swift */ = {isa = PBXFileReference; fileEncoding = 4; lastKnownFileType = sourcecode.swift; name = BaseCoordinator.swift; path = ../../../../../.Trash/BaseCoordinator.swift; sourceTree = "<group>"; };
		EDA776F62ACAC3CE0019DCB1 /* TabBarCoordinator.swift */ = {isa = PBXFileReference; lastKnownFileType = sourcecode.swift; path = TabBarCoordinator.swift; sourceTree = "<group>"; };
		EDA776F82ACAC7470019DCB1 /* AppDIContainer.swift */ = {isa = PBXFileReference; lastKnownFileType = sourcecode.swift; path = AppDIContainer.swift; sourceTree = "<group>"; };
		EDA776FA2ACAF9C50019DCB1 /* TabBarDIContainer.swift */ = {isa = PBXFileReference; lastKnownFileType = sourcecode.swift; path = TabBarDIContainer.swift; sourceTree = "<group>"; };
		EDA776FC2ACAFE540019DCB1 /* TabBarEnum.swift */ = {isa = PBXFileReference; lastKnownFileType = sourcecode.swift; path = TabBarEnum.swift; sourceTree = "<group>"; };
		EDA776FE2ACB00F50019DCB1 /* TimerDIContainer.swift */ = {isa = PBXFileReference; lastKnownFileType = sourcecode.swift; path = TimerDIContainer.swift; sourceTree = "<group>"; };
		EDA7770D2ACBF29C0019DCB1 /* TimerProgressView.swift */ = {isa = PBXFileReference; lastKnownFileType = sourcecode.swift; path = TimerProgressView.swift; sourceTree = "<group>"; };
		EDAC26FD2AEFA7770095A564 /* UIScrollView+Extension.swift */ = {isa = PBXFileReference; lastKnownFileType = sourcecode.swift; path = "UIScrollView+Extension.swift"; sourceTree = "<group>"; };
		EDAC27022AEFD1B00095A564 /* PasteDisableTextField.swift */ = {isa = PBXFileReference; lastKnownFileType = sourcecode.swift; path = PasteDisableTextField.swift; sourceTree = "<group>"; };
		EDACF3662ACEA32A00F72CE8 /* FastMode.swift */ = {isa = PBXFileReference; lastKnownFileType = sourcecode.swift; path = FastMode.swift; sourceTree = "<group>"; };
		EDACF36C2ACECE5300F72CE8 /* SettingTimerCoordinator.swift */ = {isa = PBXFileReference; lastKnownFileType = sourcecode.swift; path = SettingTimerCoordinator.swift; sourceTree = "<group>"; };
		EDACF3702ACED31000F72CE8 /* SettingTimerDIContainer.swift */ = {isa = PBXFileReference; lastKnownFileType = sourcecode.swift; path = SettingTimerDIContainer.swift; sourceTree = "<group>"; };
		EDBAAA2D2AD273C500CB84C8 /* TimeSettingView.swift */ = {isa = PBXFileReference; lastKnownFileType = sourcecode.swift; path = TimeSettingView.swift; sourceTree = "<group>"; };
		EDBAAA2F2AD2B1D900CB84C8 /* SettingRoutineSection.swift */ = {isa = PBXFileReference; lastKnownFileType = sourcecode.swift; path = SettingRoutineSection.swift; sourceTree = "<group>"; };
		EDBAAA312AD2BCEB00CB84C8 /* RecommendFastRoutine.swift */ = {isa = PBXFileReference; lastKnownFileType = sourcecode.swift; path = RecommendFastRoutine.swift; sourceTree = "<group>"; };
		EDC2CC222ACD89F90096D2F0 /* Reactive+Extension.swift */ = {isa = PBXFileReference; lastKnownFileType = sourcecode.swift; path = "Reactive+Extension.swift"; sourceTree = "<group>"; };
		EDC2CC262ACD9A8E0096D2F0 /* Step.swift */ = {isa = PBXFileReference; lastKnownFileType = sourcecode.swift; path = Step.swift; sourceTree = "<group>"; };
		EDC2CC2E2ACE458F0096D2F0 /* SelectFastModeViewController.swift */ = {isa = PBXFileReference; lastKnownFileType = sourcecode.swift; path = SelectFastModeViewController.swift; sourceTree = "<group>"; };
		EDC2CC302ACE459A0096D2F0 /* SelectFastModeViewModel.swift */ = {isa = PBXFileReference; lastKnownFileType = sourcecode.swift; path = SelectFastModeViewModel.swift; sourceTree = "<group>"; };
		EDC66EC72ADCFA120085B184 /* FastInterruptedDayTable+Mapping.swift */ = {isa = PBXFileReference; lastKnownFileType = sourcecode.swift; path = "FastInterruptedDayTable+Mapping.swift"; sourceTree = "<group>"; };
		EDC66EC92ADCFB470085B184 /* FastInterruptedDayRepository.swift */ = {isa = PBXFileReference; lastKnownFileType = sourcecode.swift; path = FastInterruptedDayRepository.swift; sourceTree = "<group>"; };
		EDC66ECB2ADCFBE00085B184 /* DefaultFastInterruptedDayRepository.swift */ = {isa = PBXFileReference; lastKnownFileType = sourcecode.swift; path = DefaultFastInterruptedDayRepository.swift; sourceTree = "<group>"; };
		EDC66ECD2ADD10480085B184 /* FastInterruptable.swift */ = {isa = PBXFileReference; lastKnownFileType = sourcecode.swift; path = FastInterruptable.swift; sourceTree = "<group>"; };
		EDC66ECF2ADD9B5C0085B184 /* InterruptedFast.swift */ = {isa = PBXFileReference; lastKnownFileType = sourcecode.swift; path = InterruptedFast.swift; sourceTree = "<group>"; };
		EDC66ED12ADE441F0085B184 /* Localization.swift */ = {isa = PBXFileReference; lastKnownFileType = sourcecode.swift; path = Localization.swift; sourceTree = "<group>"; };
		EDC66ED82ADE5E1A0085B184 /* RecordMainViewModel.swift */ = {isa = PBXFileReference; lastKnownFileType = sourcecode.swift; path = RecordMainViewModel.swift; sourceTree = "<group>"; };
		EDC66EDA2ADE5E270085B184 /* RecordMainViewController.swift */ = {isa = PBXFileReference; lastKnownFileType = sourcecode.swift; path = RecordMainViewController.swift; sourceTree = "<group>"; };
		EDC66EDC2ADE5F340085B184 /* RecordCoordinator.swift */ = {isa = PBXFileReference; lastKnownFileType = sourcecode.swift; path = RecordCoordinator.swift; sourceTree = "<group>"; };
		EDC66EDE2ADE66F20085B184 /* RecordDIContainer.swift */ = {isa = PBXFileReference; lastKnownFileType = sourcecode.swift; path = RecordDIContainer.swift; sourceTree = "<group>"; };
		EDC682F32AF007A300702E4D /* WeightRecordViewModel.swift */ = {isa = PBXFileReference; lastKnownFileType = sourcecode.swift; path = WeightRecordViewModel.swift; sourceTree = "<group>"; };
		EDC9A40C2ACD6249009A5AB1 /* ButtonConfiguration.swift */ = {isa = PBXFileReference; lastKnownFileType = sourcecode.swift; path = ButtonConfiguration.swift; sourceTree = "<group>"; };
		EDEB160D2AF11E2A00B03962 /* FastRecord.swift */ = {isa = PBXFileReference; lastKnownFileType = sourcecode.swift; path = FastRecord.swift; sourceTree = "<group>"; };
		EDEB16112AF1220F00B03962 /* FastRecordTable+Mapping.swift */ = {isa = PBXFileReference; lastKnownFileType = sourcecode.swift; path = "FastRecordTable+Mapping.swift"; sourceTree = "<group>"; };
		EDEB16132AF1270D00B03962 /* String+Extension.swift */ = {isa = PBXFileReference; lastKnownFileType = sourcecode.swift; path = "String+Extension.swift"; sourceTree = "<group>"; };
		EDEB16152AF14AB900B03962 /* WeightRecord.swift */ = {isa = PBXFileReference; fileEncoding = 4; lastKnownFileType = sourcecode.swift; path = WeightRecord.swift; sourceTree = "<group>"; };
		EDEB16172AF14C3100B03962 /* WeightRecordTable+Mapping.swift */ = {isa = PBXFileReference; lastKnownFileType = sourcecode.swift; path = "WeightRecordTable+Mapping.swift"; sourceTree = "<group>"; };
		EDEB16192AF14F2E00B03962 /* FastRecordRepository.swift */ = {isa = PBXFileReference; lastKnownFileType = sourcecode.swift; path = FastRecordRepository.swift; sourceTree = "<group>"; };
		EDEB161B2AF14F3E00B03962 /* WeightRecordRepository.swift */ = {isa = PBXFileReference; lastKnownFileType = sourcecode.swift; path = WeightRecordRepository.swift; sourceTree = "<group>"; };
		EDEB161D2AF1511700B03962 /* DefaultFastRecordRepository.swift */ = {isa = PBXFileReference; lastKnownFileType = sourcecode.swift; path = DefaultFastRecordRepository.swift; sourceTree = "<group>"; };
		EDEB161F2AF157C900B03962 /* DefaultWeightRecordRepository.swift */ = {isa = PBXFileReference; lastKnownFileType = sourcecode.swift; path = DefaultWeightRecordRepository.swift; sourceTree = "<group>"; };
		EDEBF9472AD263940002C24B /* BaseRealmRepository.swift */ = {isa = PBXFileReference; lastKnownFileType = sourcecode.swift; path = BaseRealmRepository.swift; sourceTree = "<group>"; };
		EDF700E82AC80D7D00DBA5E8 /* UIView+Preview.swift */ = {isa = PBXFileReference; lastKnownFileType = sourcecode.swift; path = "UIView+Preview.swift"; sourceTree = "<group>"; };
		EDF700EA2AC80E7E00DBA5E8 /* UIViewController+Preview.swift */ = {isa = PBXFileReference; lastKnownFileType = sourcecode.swift; path = "UIViewController+Preview.swift"; sourceTree = "<group>"; };
/* End PBXFileReference section */

/* Begin PBXFrameworksBuildPhase section */
		ED81920E2AC2ECEA00C7C830 /* Frameworks */ = {
			isa = PBXFrameworksBuildPhase;
			buildActionMask = 2147483647;
			files = (
				ED6C673B2AC9033D00230621 /* OSLog.framework in Frameworks */,
				EDAC27012AEFB4B10095A564 /* RxKeyboard in Frameworks */,
				ED1407EA2AC2FF4D0050E631 /* Realm in Frameworks */,
				ED1407E12AC2FDDE0050E631 /* RxSwift in Frameworks */,
				ED1407EC2AC2FF4D0050E631 /* RealmSwift in Frameworks */,
				ED1407E42AC2FE3D0050E631 /* SnapKit in Frameworks */,
				ED1407DF2AC2FDDE0050E631 /* RxRelay in Frameworks */,
				ED1407E72AC2FE5D0050E631 /* FSCalendar in Frameworks */,
				ED1407DD2AC2FDDE0050E631 /* RxCocoa in Frameworks */,
			);
			runOnlyForDeploymentPostprocessing = 0;
		};
/* End PBXFrameworksBuildPhase section */

/* Begin PBXGroup section */
		ED4D40F22AD9716A00C49C8A /* UserNotificationManager */ = {
			isa = PBXGroup;
			children = (
				ED4D40F02AD95DF500C49C8A /* UserNotificationManager.swift */,
				ED38F9132ADA548D005126F3 /* LocalNotificationType.swift */,
				ED4D40F32AD971C300C49C8A /* CalendarNotification.swift */,
			);
			path = UserNotificationManager;
			sourceTree = "<group>";
		};
		ED4DB3B02AD3FBFB003535C9 /* FastTimePickerView */ = {
			isa = PBXGroup;
			children = (
				ED4DB3B12AD3FC0F003535C9 /* ViewModel */,
				ED4DB3B22AD3FC22003535C9 /* View */,
			);
			path = FastTimePickerView;
			sourceTree = "<group>";
		};
		ED4DB3B12AD3FC0F003535C9 /* ViewModel */ = {
			isa = PBXGroup;
			children = (
				ED4DB3B52AD3FC3F003535C9 /* FastTimePickerViewModel.swift */,
			);
			path = ViewModel;
			sourceTree = "<group>";
		};
		ED4DB3B22AD3FC22003535C9 /* View */ = {
			isa = PBXGroup;
			children = (
				ED4DB3B72AD3FC4A003535C9 /* FastTimePickerViewController.swift */,
			);
			path = View;
			sourceTree = "<group>";
		};
		ED4DB3C92AD533C9003535C9 /* TimerUseCase */ = {
			isa = PBXGroup;
			children = (
				ED4DB3B92AD4318A003535C9 /* TimerUseCase.swift */,
				EDC66ECD2ADD10480085B184 /* FastInterruptable.swift */,
				ED4DB3C52AD53337003535C9 /* RoutineSettingFetchable.swift */,
				ED38F9152ADA8CD8005126F3 /* RoutineSettingSaveable.swift */,
			);
			path = TimerUseCase;
			sourceTree = "<group>";
		};
		ED5090462ACD3F5700CE1456 /* Extensions */ = {
			isa = PBXGroup;
			children = (
				ED4DB3C12AD5100F003535C9 /* Date+Extension.swift */,
				ED4DB3BF2AD50DAD003535C9 /* DateComponents+Extension.swift */,
				ED4DB3AE2AD3EF31003535C9 /* DateFormatter+Extension.swift */,
				EDC2CC222ACD89F90096D2F0 /* Reactive+Extension.swift */,
				ED86F5562ADEAC9A00CA83AE /* RxFSCalendarDelegateProxy.swift */,
				ED830EB42ACE97DE000B715A /* Reuseable.swift */,
				EDA250D02AD77780004EE6F9 /* TimeInterval+Extension.swift */,
				ED5090472ACD3F7600CE1456 /* UIFont+Extension.swift */,
				ED50E96B2AD104E600182922 /* UILabel+Extension.swift */,
				ED50E9692AD0F62A00182922 /* UITextField+Extension.swift */,
				EDAC26FD2AEFA7770095A564 /* UIScrollView+Extension.swift */,
				EDA250D22AD77DF6004EE6F9 /* Int+Extension.swift */,
				ED38F9172ADAC156005126F3 /* NSNotificationName+Extension.swift */,
				EDEB16132AF1270D00B03962 /* String+Extension.swift */,
			);
			path = Extensions;
			sourceTree = "<group>";
		};
		ED50E94C2ACEF24E00182922 /* SettingRoutineView */ = {
			isa = PBXGroup;
			children = (
				ED50E94D2ACEF29C00182922 /* ViewModel */,
				ED50E94E2ACEF2A000182922 /* View */,
			);
			path = SettingRoutineView;
			sourceTree = "<group>";
		};
		ED50E94D2ACEF29C00182922 /* ViewModel */ = {
			isa = PBXGroup;
			children = (
				ED50E9512ACEF2C200182922 /* SettingRoutineViewModel.swift */,
				EDBAAA2F2AD2B1D900CB84C8 /* SettingRoutineSection.swift */,
				ED4DB3AC2AD3DA3C003535C9 /* TimePickerViewType.swift */,
			);
			path = ViewModel;
			sourceTree = "<group>";
		};
		ED50E94E2ACEF2A000182922 /* View */ = {
			isa = PBXGroup;
			children = (
				ED50E9532ACEF2D200182922 /* SettingRoutineViewController.swift */,
				ED50E9722AD141ED00182922 /* Cells */,
			);
			path = View;
			sourceTree = "<group>";
		};
		ED50E9722AD141ED00182922 /* Cells */ = {
			isa = PBXGroup;
			children = (
				ED50E9572ACF0CC200182922 /* DayCollectionViewCell.swift */,
				ED50E9592ACF903A00182922 /* TimeSettingCollectionViewCell.swift */,
				EDBAAA2D2AD273C500CB84C8 /* TimeSettingView.swift */,
				ED50E95B2ACF908200182922 /* FastRoutineCollectionViewCell.swift */,
				ED01F8552ADBF04900A300DC /* DeleteRoutineSettingCell.swift */,
				ED50E95F2ACF913E00182922 /* TitleCollectionViewHeader.swift */,
			);
			path = Cells;
			sourceTree = "<group>";
		};
		ED50E9792AD16D7A00182922 /* RealmStorage */ = {
			isa = PBXGroup;
			children = (
				ED50E9852AD1893600182922 /* Utils */,
				ED50E97A2AD16DB300182922 /* TimerRoutineSettingTable+Mapping.swift */,
				EDC66EC72ADCFA120085B184 /* FastInterruptedDayTable+Mapping.swift */,
				EDEB16112AF1220F00B03962 /* FastRecordTable+Mapping.swift */,
				EDEB16172AF14C3100B03962 /* WeightRecordTable+Mapping.swift */,
			);
			path = RealmStorage;
			sourceTree = "<group>";
		};
		ED50E9802AD17F2000182922 /* Repositories */ = {
			isa = PBXGroup;
			children = (
				ED50E9812AD17F4300182922 /* DefaultTimerRoutineSettingRepository.swift */,
				EDC66ECB2ADCFBE00085B184 /* DefaultFastInterruptedDayRepository.swift */,
				EDEB161D2AF1511700B03962 /* DefaultFastRecordRepository.swift */,
				EDEB161F2AF157C900B03962 /* DefaultWeightRecordRepository.swift */,
			);
			path = Repositories;
			sourceTree = "<group>";
		};
		ED50E9852AD1893600182922 /* Utils */ = {
			isa = PBXGroup;
			children = (
				ED4DB3BD2AD4D457003535C9 /* LocalRepositoryError.swift */,
				ED50E97C2AD1716D00182922 /* RealmUniqueKey.swift */,
				ED50E9862AD198DB00182922 /* Array+Extenstion.swift */,
				ED50E9882AD1990400182922 /* List+Extension.swift */,
				EDEBF9472AD263940002C24B /* BaseRealmRepository.swift */,
			);
			path = Utils;
			sourceTree = "<group>";
		};
		ED622C362AE00FAB004DCF1F /* FastRecordView */ = {
			isa = PBXGroup;
			children = (
				ED622C3E2AE01071004DCF1F /* ViewModel */,
				ED622C3C2AE0106C004DCF1F /* View */,
			);
			path = FastRecordView;
			sourceTree = "<group>";
		};
		ED622C372AE00FB1004DCF1F /* WeightRecordView */ = {
			isa = PBXGroup;
			children = (
				ED622C3F2AE01073004DCF1F /* ViewModel */,
				ED622C3D2AE0106F004DCF1F /* View */,
			);
			path = WeightRecordView;
			sourceTree = "<group>";
		};
		ED622C3C2AE0106C004DCF1F /* View */ = {
			isa = PBXGroup;
			children = (
				ED622C382AE00FD8004DCF1F /* FastRecordViewController.swift */,
			);
			path = View;
			sourceTree = "<group>";
		};
		ED622C3D2AE0106F004DCF1F /* View */ = {
			isa = PBXGroup;
			children = (
				ED622C3A2AE00FF6004DCF1F /* WeightRecordViewController.swift */,
			);
			path = View;
			sourceTree = "<group>";
		};
		ED622C3E2AE01071004DCF1F /* ViewModel */ = {
			isa = PBXGroup;
			children = (
				ED80B9FA2AE10CA000F85A66 /* FastRecordViewModel.swift */,
			);
			path = ViewModel;
			sourceTree = "<group>";
		};
		ED622C3F2AE01073004DCF1F /* ViewModel */ = {
			isa = PBXGroup;
			children = (
				EDC682F32AF007A300702E4D /* WeightRecordViewModel.swift */,
			);
			path = ViewModel;
			sourceTree = "<group>";
		};
		ED65BEB72AD3859400534F7C /* StartTimePickerView */ = {
			isa = PBXGroup;
			children = (
				ED65BEB82AD385A500534F7C /* ViewModel */,
				ED65BEB92AD385AA00534F7C /* View */,
			);
			path = StartTimePickerView;
			sourceTree = "<group>";
		};
		ED65BEB82AD385A500534F7C /* ViewModel */ = {
			isa = PBXGroup;
			children = (
				ED65BEBC2AD3BF0600534F7C /* StartTimePickerViewModel.swift */,
			);
			path = ViewModel;
			sourceTree = "<group>";
		};
		ED65BEB92AD385AA00534F7C /* View */ = {
			isa = PBXGroup;
			children = (
				ED65BEBA2AD385B900534F7C /* StartTimerPickerViewController.swift */,
			);
			path = View;
			sourceTree = "<group>";
		};
		ED6C671A2AC8392800230621 /* Coordinator */ = {
			isa = PBXGroup;
			children = (
				ED6C671D2AC8395400230621 /* Coordinator.swift */,
				ED01F8572ADC049300A300DC /* CancelOkAlertPresentable.swift */,
				EDC2CC262ACD9A8E0096D2F0 /* Step.swift */,
				ED6C673D2ACA9C7F00230621 /* CoordinatorFinishDelegate.swift */,
				EDA776F12ACAB8230019DCB1 /* BaseCoordinator.swift */,
			);
			path = Coordinator;
			sourceTree = "<group>";
		};
		ED6C671F2AC83E5700230621 /* Flows */ = {
			isa = PBXGroup;
			children = (
				EDA7770C2ACBF2960019DCB1 /* UI */,
				ED6C67272AC83EDB00230621 /* Base */,
				EDA776E92ACAB4680019DCB1 /* TabBarFlow */,
				ED6C67202AC83E7100230621 /* TimerFlow */,
				EDACF36A2ACECDE900F72CE8 /* TimerSettingFlow */,
				EDC66ED32ADE5DB20085B184 /* RecordFlow */,
			);
			path = Flows;
			sourceTree = "<group>";
		};
		ED6C67202AC83E7100230621 /* TimerFlow */ = {
			isa = PBXGroup;
			children = (
				ED6C67322AC84F1600230621 /* Coordinator */,
				EDC2CC2A2ACE44420096D2F0 /* TimerView */,
			);
			path = TimerFlow;
			sourceTree = "<group>";
		};
		ED6C67212AC83E7900230621 /* View */ = {
			isa = PBXGroup;
			children = (
				ED6C67222AC83EA100230621 /* TimerViewController.swift */,
			);
			path = View;
			sourceTree = "<group>";
		};
		ED6C67242AC83EA400230621 /* ViewModel */ = {
			isa = PBXGroup;
			children = (
				ED6C67252AC83EB200230621 /* TimerViewModel.swift */,
				ED4DB3CA2AD5420E003535C9 /* TimerState.swift */,
			);
			path = ViewModel;
			sourceTree = "<group>";
		};
		ED6C67272AC83EDB00230621 /* Base */ = {
			isa = PBXGroup;
			children = (
				ED6C67282AC83EF300230621 /* BaseViewController.swift */,
				ED6C672A2AC8401800230621 /* ViewModel.swift */,
			);
			path = Base;
			sourceTree = "<group>";
		};
		ED6C672C2AC840C100230621 /* Constants */ = {
			isa = PBXGroup;
			children = (
				ED6C672E2AC841AB00230621 /* Constants.swift */,
				EDC66ED12ADE441F0085B184 /* Localization.swift */,
			);
			path = Constants;
			sourceTree = "<group>";
		};
		ED6C67322AC84F1600230621 /* Coordinator */ = {
			isa = PBXGroup;
			children = (
				ED6C67332AC84F2C00230621 /* TimerCoordinator.swift */,
			);
			path = Coordinator;
			sourceTree = "<group>";
		};
		ED6C67352AC9027600230621 /* Infrastructure */ = {
			isa = PBXGroup;
			children = (
				ED89A76E2AE23D5200C663D9 /* UserDefaultsManager */,
				ED4D40F22AD9716A00C49C8A /* UserNotificationManager */,
				ED6C67362AC9028100230621 /* Log */,
			);
			path = Infrastructure;
			sourceTree = "<group>";
		};
		ED6C67362AC9028100230621 /* Log */ = {
			isa = PBXGroup;
			children = (
				ED6C67372AC9029400230621 /* Log.swift */,
			);
			path = Log;
			sourceTree = "<group>";
		};
		ED6C67392AC9033D00230621 /* Frameworks */ = {
			isa = PBXGroup;
			children = (
				ED6C673A2AC9033D00230621 /* OSLog.framework */,
			);
			name = Frameworks;
			sourceTree = "<group>";
		};
		ED80B9F32AE10ADE00F85A66 /* WriteFastView */ = {
			isa = PBXGroup;
			children = (
				ED80B9F42AE10AF300F85A66 /* ViewModel */,
				ED80B9F52AE10AF700F85A66 /* View */,
			);
			path = WriteFastView;
			sourceTree = "<group>";
		};
		ED80B9F42AE10AF300F85A66 /* ViewModel */ = {
			isa = PBXGroup;
			children = (
				ED80B9F82AE10B2D00F85A66 /* WriteFastRecordViewModel.swift */,
			);
			path = ViewModel;
			sourceTree = "<group>";
		};
		ED80B9F52AE10AF700F85A66 /* View */ = {
			isa = PBXGroup;
			children = (
				ED80B9F62AE10B0400F85A66 /* WriteFastRecordViewController.swift */,
				EDA37B342AE63AA500EC6D6E /* FastTitleView.swift */,
			);
			path = View;
			sourceTree = "<group>";
		};
		ED8192082AC2ECEA00C7C830 = {
			isa = PBXGroup;
			children = (
				ED1407D92AC2FC240050E631 /* .swiftlint.yml */,
				ED8192282AC2EE2700C7C830 /* .gitignore */,
				ED81922A2AC2EEAC00C7C830 /* Memo.md */,
				ED8192132AC2ECEA00C7C830 /* TodayFastComplete */,
				ED8192122AC2ECEA00C7C830 /* Products */,
				ED6C67392AC9033D00230621 /* Frameworks */,
			);
			sourceTree = "<group>";
		};
		ED8192122AC2ECEA00C7C830 /* Products */ = {
			isa = PBXGroup;
			children = (
				ED8192112AC2ECEA00C7C830 /* TodayFastComplete.app */,
			);
			name = Products;
			sourceTree = "<group>";
		};
		ED8192132AC2ECEA00C7C830 /* TodayFastComplete */ = {
			isa = PBXGroup;
			children = (
				ED81922E2AC2F37A00C7C830 /* Application */,
				ED8192302AC2F3B300C7C830 /* Data */,
				ED8192312AC2F3BA00C7C830 /* Domain */,
				ED81922F2AC2F38A00C7C830 /* Presentation */,
				ED6C67352AC9027600230621 /* Infrastructure */,
				ED81922D2AC2F36A00C7C830 /* Resources */,
			);
			path = TodayFastComplete;
			sourceTree = "<group>";
		};
		ED81922D2AC2F36A00C7C830 /* Resources */ = {
			isa = PBXGroup;
			children = (
				ED6C672C2AC840C100230621 /* Constants */,
				ED81921D2AC2ECEB00C7C830 /* Assets.xcassets */,
				ED81921F2AC2ECEB00C7C830 /* LaunchScreen.storyboard */,
				ED8192222AC2ECEB00C7C830 /* Info.plist */,
				ED4D40E82AD8DB7B00C49C8A /* InfoPlist.xcstrings */,
				ED4D40EA2AD8DB8A00C49C8A /* Localizable.xcstrings */,
			);
			path = Resources;
			sourceTree = "<group>";
		};
		ED81922E2AC2F37A00C7C830 /* Application */ = {
			isa = PBXGroup;
			children = (
				ED8192142AC2ECEA00C7C830 /* AppDelegate.swift */,
				ED8192162AC2ECEA00C7C830 /* SceneDelegate.swift */,
				EDA776EF2ACAB5CA0019DCB1 /* AppCoordinator.swift */,
				ED8192352AC2F47A00C7C830 /* DIContainer */,
			);
			path = Application;
			sourceTree = "<group>";
		};
		ED81922F2AC2F38A00C7C830 /* Presentation */ = {
			isa = PBXGroup;
			children = (
				ED6C671A2AC8392800230621 /* Coordinator */,
				ED6C671F2AC83E5700230621 /* Flows */,
				EDF700E42AC80D4E00DBA5E8 /* Utils */,
			);
			path = Presentation;
			sourceTree = "<group>";
		};
		ED8192302AC2F3B300C7C830 /* Data */ = {
			isa = PBXGroup;
			children = (
				ED50E9802AD17F2000182922 /* Repositories */,
				ED50E9792AD16D7A00182922 /* RealmStorage */,
			);
			path = Data;
			sourceTree = "<group>";
		};
		ED8192312AC2F3BA00C7C830 /* Domain */ = {
			isa = PBXGroup;
			children = (
				ED8192322AC2F44500C7C830 /* Entities */,
				ED8192332AC2F45F00C7C830 /* UseCases */,
				ED8192342AC2F46800C7C830 /* Interfaces */,
			);
			path = Domain;
			sourceTree = "<group>";
		};
		ED8192322AC2F44500C7C830 /* Entities */ = {
			isa = PBXGroup;
			children = (
				ED50E9652ACFCB9B00182922 /* FastRoutine.swift */,
				EDBAAA312AD2BCEB00CB84C8 /* RecommendFastRoutine.swift */,
				ED50E9772AD16C8700182922 /* TimerRoutineSetting.swift */,
				ED50E9612ACFCA3D00182922 /* WeekDay.swift */,
				EDC66ECF2ADD9B5C0085B184 /* InterruptedFast.swift */,
				EDEB160D2AF11E2A00B03962 /* FastRecord.swift */,
				EDEB16152AF14AB900B03962 /* WeightRecord.swift */,
			);
			path = Entities;
			sourceTree = "<group>";
		};
		ED8192332AC2F45F00C7C830 /* UseCases */ = {
			isa = PBXGroup;
			children = (
				ED4DB3C92AD533C9003535C9 /* TimerUseCase */,
			);
			path = UseCases;
			sourceTree = "<group>";
		};
		ED8192342AC2F46800C7C830 /* Interfaces */ = {
			isa = PBXGroup;
			children = (
				ED50E97E2AD17E4F00182922 /* TimerRoutineSettingRepository.swift */,
				EDC66EC92ADCFB470085B184 /* FastInterruptedDayRepository.swift */,
				EDEB16192AF14F2E00B03962 /* FastRecordRepository.swift */,
				EDEB161B2AF14F3E00B03962 /* WeightRecordRepository.swift */,
			);
			path = Interfaces;
			sourceTree = "<group>";
		};
		ED8192352AC2F47A00C7C830 /* DIContainer */ = {
			isa = PBXGroup;
			children = (
				EDA776F82ACAC7470019DCB1 /* AppDIContainer.swift */,
				EDA776FA2ACAF9C50019DCB1 /* TabBarDIContainer.swift */,
				EDA776FE2ACB00F50019DCB1 /* TimerDIContainer.swift */,
				EDACF3702ACED31000F72CE8 /* SettingTimerDIContainer.swift */,
				EDC66EDE2ADE66F20085B184 /* RecordDIContainer.swift */,
			);
			path = DIContainer;
			sourceTree = "<group>";
		};
		ED89A76E2AE23D5200C663D9 /* UserDefaultsManager */ = {
			isa = PBXGroup;
			children = (
				ED89A76F2AE23D8000C663D9 /* UserDefaultsManager.swift */,
			);
			path = UserDefaultsManager;
			sourceTree = "<group>";
		};
		EDA776E92ACAB4680019DCB1 /* TabBarFlow */ = {
			isa = PBXGroup;
			children = (
				EDA776FC2ACAFE540019DCB1 /* TabBarEnum.swift */,
				EDA776EE2ACAB5A10019DCB1 /* Coordinator */,
				EDA776EC2ACAB5860019DCB1 /* View */,
				EDA776EA2ACAB48B0019DCB1 /* TabBarController.swift */,
			);
			path = TabBarFlow;
			sourceTree = "<group>";
		};
		EDA776EC2ACAB5860019DCB1 /* View */ = {
			isa = PBXGroup;
			children = (
				EDA776ED2ACAB58B0019DCB1 /* TabBarController.swift */,
			);
			path = View;
			sourceTree = "<group>";
		};
		EDA776EE2ACAB5A10019DCB1 /* Coordinator */ = {
			isa = PBXGroup;
			children = (
				EDA776F62ACAC3CE0019DCB1 /* TabBarCoordinator.swift */,
			);
			path = Coordinator;
			sourceTree = "<group>";
		};
		EDA7770C2ACBF2960019DCB1 /* UI */ = {
			isa = PBXGroup;
			children = (
				EDA7770D2ACBF29C0019DCB1 /* TimerProgressView.swift */,
				EDC9A40C2ACD6249009A5AB1 /* ButtonConfiguration.swift */,
				ED86F55B2ADEF9E600CA83AE /* UnderlineSegmentContorl.swift */,
				EDAC27022AEFD1B00095A564 /* PasteDisableTextField.swift */,
			);
			path = UI;
			sourceTree = "<group>";
		};
		EDACF36A2ACECDE900F72CE8 /* TimerSettingFlow */ = {
			isa = PBXGroup;
			children = (
				EDACF36B2ACECE4200F72CE8 /* Coordinator */,
				ED50E94C2ACEF24E00182922 /* SettingRoutineView */,
				ED65BEB72AD3859400534F7C /* StartTimePickerView */,
				ED4DB3B02AD3FBFB003535C9 /* FastTimePickerView */,
				EDC2CC2B2ACE44690096D2F0 /* SelectFastModeView */,
			);
			path = TimerSettingFlow;
			sourceTree = "<group>";
		};
		EDACF36B2ACECE4200F72CE8 /* Coordinator */ = {
			isa = PBXGroup;
			children = (
				EDACF36C2ACECE5300F72CE8 /* SettingTimerCoordinator.swift */,
			);
			path = Coordinator;
			sourceTree = "<group>";
		};
		EDC2CC2A2ACE44420096D2F0 /* TimerView */ = {
			isa = PBXGroup;
			children = (
				ED6C67242AC83EA400230621 /* ViewModel */,
				ED6C67212AC83E7900230621 /* View */,
			);
			path = TimerView;
			sourceTree = "<group>";
		};
		EDC2CC2B2ACE44690096D2F0 /* SelectFastModeView */ = {
			isa = PBXGroup;
			children = (
				EDACF3662ACEA32A00F72CE8 /* FastMode.swift */,
				EDC2CC2C2ACE45690096D2F0 /* ViewModel */,
				EDC2CC2D2ACE456E0096D2F0 /* View */,
			);
			path = SelectFastModeView;
			sourceTree = "<group>";
		};
		EDC2CC2C2ACE45690096D2F0 /* ViewModel */ = {
			isa = PBXGroup;
			children = (
				EDC2CC302ACE459A0096D2F0 /* SelectFastModeViewModel.swift */,
			);
			path = ViewModel;
			sourceTree = "<group>";
		};
		EDC2CC2D2ACE456E0096D2F0 /* View */ = {
			isa = PBXGroup;
			children = (
				EDC2CC2E2ACE458F0096D2F0 /* SelectFastModeViewController.swift */,
				ED830EB02ACE8BF2000B715A /* SelectFastModeCollectionView.swift */,
				ED830EB12ACE8BF2000B715A /* SelectFastModeCollectionViewCell.swift */,
			);
			path = View;
			sourceTree = "<group>";
		};
		EDC66ED32ADE5DB20085B184 /* RecordFlow */ = {
			isa = PBXGroup;
			children = (
				EDC66ED42ADE5DD50085B184 /* Coordinator */,
				EDC66ED52ADE5DDC0085B184 /* RecordMainView */,
				ED622C362AE00FAB004DCF1F /* FastRecordView */,
				ED622C372AE00FB1004DCF1F /* WeightRecordView */,
				ED80B9F32AE10ADE00F85A66 /* WriteFastView */,
			);
			path = RecordFlow;
			sourceTree = "<group>";
		};
		EDC66ED42ADE5DD50085B184 /* Coordinator */ = {
			isa = PBXGroup;
			children = (
				EDC66EDC2ADE5F340085B184 /* RecordCoordinator.swift */,
			);
			path = Coordinator;
			sourceTree = "<group>";
		};
		EDC66ED52ADE5DDC0085B184 /* RecordMainView */ = {
			isa = PBXGroup;
			children = (
				EDC66ED62ADE5DF70085B184 /* ViewModel */,
				EDC66ED72ADE5E030085B184 /* View */,
			);
			path = RecordMainView;
			sourceTree = "<group>";
		};
		EDC66ED62ADE5DF70085B184 /* ViewModel */ = {
			isa = PBXGroup;
			children = (
				EDC66ED82ADE5E1A0085B184 /* RecordMainViewModel.swift */,
				ED80B9F02AE0E6A500F85A66 /* RecordEnum.swift */,
			);
			path = ViewModel;
			sourceTree = "<group>";
		};
		EDC66ED72ADE5E030085B184 /* View */ = {
			isa = PBXGroup;
			children = (
				EDC66EDA2ADE5E270085B184 /* RecordMainViewController.swift */,
				ED0E74AA2ADFC8A600E94419 /* FSCalendarCustomCell.swift */,
			);
			path = View;
			sourceTree = "<group>";
		};
		EDF700E42AC80D4E00DBA5E8 /* Utils */ = {
			isa = PBXGroup;
			children = (
				ED5090462ACD3F5700CE1456 /* Extensions */,
				EDF700E72AC80D6F00DBA5E8 /* Preview */,
			);
			path = Utils;
			sourceTree = "<group>";
		};
		EDF700E72AC80D6F00DBA5E8 /* Preview */ = {
			isa = PBXGroup;
			children = (
				EDF700E82AC80D7D00DBA5E8 /* UIView+Preview.swift */,
				EDF700EA2AC80E7E00DBA5E8 /* UIViewController+Preview.swift */,
			);
			path = Preview;
			sourceTree = "<group>";
		};
/* End PBXGroup section */

/* Begin PBXNativeTarget section */
		ED8192102AC2ECEA00C7C830 /* TodayFastComplete */ = {
			isa = PBXNativeTarget;
			buildConfigurationList = ED8192252AC2ECEB00C7C830 /* Build configuration list for PBXNativeTarget "TodayFastComplete" */;
			buildPhases = (
				ED81920D2AC2ECEA00C7C830 /* Sources */,
				ED81920E2AC2ECEA00C7C830 /* Frameworks */,
				ED81920F2AC2ECEA00C7C830 /* Resources */,
				EDF700E32AC80ADD00DBA5E8 /* ShellScript */,
			);
			buildRules = (
			);
			dependencies = (
			);
			name = TodayFastComplete;
			packageProductDependencies = (
				ED1407DC2AC2FDDE0050E631 /* RxCocoa */,
				ED1407DE2AC2FDDE0050E631 /* RxRelay */,
				ED1407E02AC2FDDE0050E631 /* RxSwift */,
				ED1407E32AC2FE3D0050E631 /* SnapKit */,
				ED1407E62AC2FE5D0050E631 /* FSCalendar */,
				ED1407E92AC2FF4D0050E631 /* Realm */,
				ED1407EB2AC2FF4D0050E631 /* RealmSwift */,
				EDAC27002AEFB4B10095A564 /* RxKeyboard */,
			);
			productName = TodayFastComplete;
			productReference = ED8192112AC2ECEA00C7C830 /* TodayFastComplete.app */;
			productType = "com.apple.product-type.application";
		};
/* End PBXNativeTarget section */

/* Begin PBXProject section */
		ED8192092AC2ECEA00C7C830 /* Project object */ = {
			isa = PBXProject;
			attributes = {
				BuildIndependentTargetsInParallel = 1;
				LastSwiftUpdateCheck = 1500;
				LastUpgradeCheck = 1500;
				TargetAttributes = {
					ED8192102AC2ECEA00C7C830 = {
						CreatedOnToolsVersion = 15.0;
					};
				};
			};
			buildConfigurationList = ED81920C2AC2ECEA00C7C830 /* Build configuration list for PBXProject "TodayFastComplete" */;
			compatibilityVersion = "Xcode 14.0";
			developmentRegion = ko;
			hasScannedForEncodings = 0;
			knownRegions = (
				Base,
				ko,
				en,
			);
			mainGroup = ED8192082AC2ECEA00C7C830;
			packageReferences = (
				ED8192362AC2F6FF00C7C830 /* XCRemoteSwiftPackageReference "SwiftLint" */,
				ED1407DB2AC2FDDE0050E631 /* XCRemoteSwiftPackageReference "RxSwift" */,
				ED1407E22AC2FE3D0050E631 /* XCRemoteSwiftPackageReference "SnapKit" */,
				ED1407E52AC2FE5D0050E631 /* XCRemoteSwiftPackageReference "FSCalendar" */,
				ED1407E82AC2FF4D0050E631 /* XCRemoteSwiftPackageReference "realm-swift" */,
				EDAC26FF2AEFB4B10095A564 /* XCRemoteSwiftPackageReference "RxKeyboard" */,
			);
			productRefGroup = ED8192122AC2ECEA00C7C830 /* Products */;
			projectDirPath = "";
			projectRoot = "";
			targets = (
				ED8192102AC2ECEA00C7C830 /* TodayFastComplete */,
			);
		};
/* End PBXProject section */

/* Begin PBXResourcesBuildPhase section */
		ED81920F2AC2ECEA00C7C830 /* Resources */ = {
			isa = PBXResourcesBuildPhase;
			buildActionMask = 2147483647;
			files = (
				ED1407DA2AC2FC250050E631 /* .swiftlint.yml in Resources */,
				ED4D40E92AD8DB7B00C49C8A /* InfoPlist.xcstrings in Resources */,
				ED4D40EB2AD8DB8A00C49C8A /* Localizable.xcstrings in Resources */,
				ED8192292AC2EE2700C7C830 /* .gitignore in Resources */,
				ED8192212AC2ECEB00C7C830 /* LaunchScreen.storyboard in Resources */,
				ED81921E2AC2ECEB00C7C830 /* Assets.xcassets in Resources */,
			);
			runOnlyForDeploymentPostprocessing = 0;
		};
/* End PBXResourcesBuildPhase section */

/* Begin PBXShellScriptBuildPhase section */
		EDF700E32AC80ADD00DBA5E8 /* ShellScript */ = {
			isa = PBXShellScriptBuildPhase;
			buildActionMask = 2147483647;
			files = (
			);
			inputFileListPaths = (
			);
			inputPaths = (
			);
			outputFileListPaths = (
			);
			outputPaths = (
			);
			runOnlyForDeploymentPostprocessing = 0;
			shellPath = /bin/sh;
			shellScript = "if [[ \"$(uname -m)\" == arm64 ]]; then\n    export PATH=\"/opt/homebrew/bin:$PATH\"\nfi\n\nif which swiftlint > /dev/null; then\n  swiftlint\nelse\n  echo \"warning: SwiftLint not installed, download from https://github.com/realm/SwiftLint\"\nfi\n";
		};
/* End PBXShellScriptBuildPhase section */

/* Begin PBXSourcesBuildPhase section */
		ED81920D2AC2ECEA00C7C830 /* Sources */ = {
			isa = PBXSourcesBuildPhase;
			buildActionMask = 2147483647;
			files = (
				EDEB161A2AF14F2E00B03962 /* FastRecordRepository.swift in Sources */,
				EDC66EDD2ADE5F340085B184 /* RecordCoordinator.swift in Sources */,
				ED50E96A2AD0F62A00182922 /* UITextField+Extension.swift in Sources */,
				EDC66ECE2ADD10480085B184 /* FastInterruptable.swift in Sources */,
				EDC66EDF2ADE66F20085B184 /* RecordDIContainer.swift in Sources */,
				ED4DB3B62AD3FC3F003535C9 /* FastTimePickerViewModel.swift in Sources */,
				ED50E9622ACFCA3D00182922 /* WeekDay.swift in Sources */,
				EDA776FB2ACAF9C50019DCB1 /* TabBarDIContainer.swift in Sources */,
				EDC66ECA2ADCFB470085B184 /* FastInterruptedDayRepository.swift in Sources */,
				ED6C672B2AC8401800230621 /* ViewModel.swift in Sources */,
				ED4DB3AF2AD3EF31003535C9 /* DateFormatter+Extension.swift in Sources */,
				ED80B9F72AE10B0400F85A66 /* WriteFastRecordViewController.swift in Sources */,
				EDA37B352AE63AA500EC6D6E /* FastTitleView.swift in Sources */,
				ED6C672F2AC841AB00230621 /* Constants.swift in Sources */,
				EDEB16182AF14C3100B03962 /* WeightRecordTable+Mapping.swift in Sources */,
				ED830EB32ACE8BF2000B715A /* SelectFastModeCollectionViewCell.swift in Sources */,
				ED4DB3AD2AD3DA3C003535C9 /* TimePickerViewType.swift in Sources */,
				ED50E9602ACF913E00182922 /* TitleCollectionViewHeader.swift in Sources */,
				ED50E9892AD1990400182922 /* List+Extension.swift in Sources */,
				EDEB160E2AF11E2A00B03962 /* FastRecord.swift in Sources */,
				ED50E97F2AD17E4F00182922 /* TimerRoutineSettingRepository.swift in Sources */,
				EDBAAA302AD2B1D900CB84C8 /* SettingRoutineSection.swift in Sources */,
				EDC66ED02ADD9B5C0085B184 /* InterruptedFast.swift in Sources */,
				ED4DB3CB2AD5420E003535C9 /* TimerState.swift in Sources */,
				ED6C67382AC9029400230621 /* Log.swift in Sources */,
				ED4D40F12AD95DF500C49C8A /* UserNotificationManager.swift in Sources */,
				EDEBF9482AD263940002C24B /* BaseRealmRepository.swift in Sources */,
				EDA250D12AD77780004EE6F9 /* TimeInterval+Extension.swift in Sources */,
				ED38F9162ADA8CD8005126F3 /* RoutineSettingSaveable.swift in Sources */,
				EDEB16122AF1220F00B03962 /* FastRecordTable+Mapping.swift in Sources */,
				ED830EB22ACE8BF2000B715A /* SelectFastModeCollectionView.swift in Sources */,
				ED50E9822AD17F4300182922 /* DefaultTimerRoutineSettingRepository.swift in Sources */,
				ED50E9582ACF0CC200182922 /* DayCollectionViewCell.swift in Sources */,
				ED4DB3BA2AD4318A003535C9 /* TimerUseCase.swift in Sources */,
				EDEB16142AF1270D00B03962 /* String+Extension.swift in Sources */,
				ED50E9782AD16C8700182922 /* TimerRoutineSetting.swift in Sources */,
				ED6C673E2ACA9C7F00230621 /* CoordinatorFinishDelegate.swift in Sources */,
				EDC66EDB2ADE5E270085B184 /* RecordMainViewController.swift in Sources */,
				ED50E9522ACEF2C200182922 /* SettingRoutineViewModel.swift in Sources */,
				ED830EB52ACE97DE000B715A /* Reuseable.swift in Sources */,
				EDAC26FE2AEFA7770095A564 /* UIScrollView+Extension.swift in Sources */,
				ED4DB3C22AD5100F003535C9 /* Date+Extension.swift in Sources */,
				EDC66EC82ADCFA120085B184 /* FastInterruptedDayTable+Mapping.swift in Sources */,
				ED01F8562ADBF04900A300DC /* DeleteRoutineSettingCell.swift in Sources */,
				ED50E97D2AD1716D00182922 /* RealmUniqueKey.swift in Sources */,
				ED89A7702AE23D8000C663D9 /* UserDefaultsManager.swift in Sources */,
				ED50E9662ACFCB9B00182922 /* FastRoutine.swift in Sources */,
				EDA776EB2ACAB48B0019DCB1 /* TabBarController.swift in Sources */,
				ED80B9F12AE0E6A500F85A66 /* RecordEnum.swift in Sources */,
				ED4DB3C02AD50DAD003535C9 /* DateComponents+Extension.swift in Sources */,
				EDA7770E2ACBF29C0019DCB1 /* TimerProgressView.swift in Sources */,
				EDF700E92AC80D7D00DBA5E8 /* UIView+Preview.swift in Sources */,
				ED01F8582ADC049300A300DC /* CancelOkAlertPresentable.swift in Sources */,
				EDBAAA322AD2BCEB00CB84C8 /* RecommendFastRoutine.swift in Sources */,
				EDF700EB2AC80E7E00DBA5E8 /* UIViewController+Preview.swift in Sources */,
				ED4DB3B82AD3FC4A003535C9 /* FastTimePickerViewController.swift in Sources */,
				ED38F9142ADA548D005126F3 /* LocalNotificationType.swift in Sources */,
				ED50E9872AD198DB00182922 /* Array+Extenstion.swift in Sources */,
				EDC2CC2F2ACE458F0096D2F0 /* SelectFastModeViewController.swift in Sources */,
				ED6C67262AC83EB200230621 /* TimerViewModel.swift in Sources */,
				ED4DB3C62AD53337003535C9 /* RoutineSettingFetchable.swift in Sources */,
				EDA776FF2ACB00F50019DCB1 /* TimerDIContainer.swift in Sources */,
				EDEB161E2AF1511700B03962 /* DefaultFastRecordRepository.swift in Sources */,
				ED38F9182ADAC156005126F3 /* NSNotificationName+Extension.swift in Sources */,
				ED622C392AE00FD8004DCF1F /* FastRecordViewController.swift in Sources */,
				EDC2CC272ACD9A8E0096D2F0 /* Step.swift in Sources */,
				ED86F5572ADEAC9A00CA83AE /* RxFSCalendarDelegateProxy.swift in Sources */,
				EDEB16202AF157C900B03962 /* DefaultWeightRecordRepository.swift in Sources */,
				EDC682F42AF007A300702E4D /* WeightRecordViewModel.swift in Sources */,
				ED5090482ACD3F7600CE1456 /* UIFont+Extension.swift in Sources */,
				EDACF36D2ACECE5300F72CE8 /* SettingTimerCoordinator.swift in Sources */,
				ED4DB3BE2AD4D457003535C9 /* LocalRepositoryError.swift in Sources */,
				EDC66ED22ADE441F0085B184 /* Localization.swift in Sources */,
				ED50E96C2AD104E600182922 /* UILabel+Extension.swift in Sources */,
				EDA250D32AD77DF6004EE6F9 /* Int+Extension.swift in Sources */,
				EDA776F92ACAC7470019DCB1 /* AppDIContainer.swift in Sources */,
				ED622C3B2AE00FF6004DCF1F /* WeightRecordViewController.swift in Sources */,
				EDC2CC312ACE459A0096D2F0 /* SelectFastModeViewModel.swift in Sources */,
				EDBAAA2E2AD273C500CB84C8 /* TimeSettingView.swift in Sources */,
				ED6C67342AC84F2C00230621 /* TimerCoordinator.swift in Sources */,
				EDACF3712ACED31000F72CE8 /* SettingTimerDIContainer.swift in Sources */,
				ED86F55C2ADEF9E600CA83AE /* UnderlineSegmentContorl.swift in Sources */,
				EDAC27032AEFD1B00095A564 /* PasteDisableTextField.swift in Sources */,
				ED50E95C2ACF908200182922 /* FastRoutineCollectionViewCell.swift in Sources */,
				ED6C67232AC83EA100230621 /* TimerViewController.swift in Sources */,
				ED50E9542ACEF2D200182922 /* SettingRoutineViewController.swift in Sources */,
				ED6C67292AC83EF300230621 /* BaseViewController.swift in Sources */,
				EDC9A40D2ACD6249009A5AB1 /* ButtonConfiguration.swift in Sources */,
				ED8192152AC2ECEA00C7C830 /* AppDelegate.swift in Sources */,
				EDC2CC232ACD89F90096D2F0 /* Reactive+Extension.swift in Sources */,
				EDA776F02ACAB5CA0019DCB1 /* AppCoordinator.swift in Sources */,
				ED50E97B2AD16DB300182922 /* TimerRoutineSettingTable+Mapping.swift in Sources */,
				EDC66ED92ADE5E1A0085B184 /* RecordMainViewModel.swift in Sources */,
				ED65BEBD2AD3BF0600534F7C /* StartTimePickerViewModel.swift in Sources */,
				EDA776F72ACAC3CE0019DCB1 /* TabBarCoordinator.swift in Sources */,
				EDA776FD2ACAFE540019DCB1 /* TabBarEnum.swift in Sources */,
				EDEB16162AF14AB900B03962 /* WeightRecord.swift in Sources */,
				ED80B9F92AE10B2D00F85A66 /* WriteFastRecordViewModel.swift in Sources */,
				EDACF3672ACEA32A00F72CE8 /* FastMode.swift in Sources */,
				ED8192172AC2ECEA00C7C830 /* SceneDelegate.swift in Sources */,
				ED6C671E2AC8395400230621 /* Coordinator.swift in Sources */,
				ED4D40F42AD971C300C49C8A /* CalendarNotification.swift in Sources */,
				ED80B9FB2AE10CA000F85A66 /* FastRecordViewModel.swift in Sources */,
				EDC66ECC2ADCFBE00085B184 /* DefaultFastInterruptedDayRepository.swift in Sources */,
				EDEB161C2AF14F3E00B03962 /* WeightRecordRepository.swift in Sources */,
				ED65BEBB2AD385B900534F7C /* StartTimerPickerViewController.swift in Sources */,
				ED0E74AB2ADFC8A600E94419 /* FSCalendarCustomCell.swift in Sources */,
				EDA776F22ACAB8230019DCB1 /* BaseCoordinator.swift in Sources */,
				ED50E95A2ACF903A00182922 /* TimeSettingCollectionViewCell.swift in Sources */,
			);
			runOnlyForDeploymentPostprocessing = 0;
		};
/* End PBXSourcesBuildPhase section */

/* Begin PBXVariantGroup section */
		ED81921F2AC2ECEB00C7C830 /* LaunchScreen.storyboard */ = {
			isa = PBXVariantGroup;
			children = (
				ED8192202AC2ECEB00C7C830 /* Base */,
				ED4D40E72AD8DB3000C49C8A /* mul */,
			);
			name = LaunchScreen.storyboard;
			sourceTree = "<group>";
		};
/* End PBXVariantGroup section */

/* Begin XCBuildConfiguration section */
		ED8192232AC2ECEB00C7C830 /* Debug */ = {
			isa = XCBuildConfiguration;
			buildSettings = {
				ALWAYS_SEARCH_USER_PATHS = NO;
				ASSETCATALOG_COMPILER_GENERATE_SWIFT_ASSET_SYMBOL_EXTENSIONS = YES;
				CLANG_ANALYZER_LOCALIZABILITY_NONLOCALIZED = YES;
				CLANG_ANALYZER_NONNULL = YES;
				CLANG_ANALYZER_NUMBER_OBJECT_CONVERSION = YES_AGGRESSIVE;
				CLANG_CXX_LANGUAGE_STANDARD = "gnu++20";
				CLANG_ENABLE_MODULES = YES;
				CLANG_ENABLE_OBJC_ARC = YES;
				CLANG_ENABLE_OBJC_WEAK = YES;
				CLANG_WARN_BLOCK_CAPTURE_AUTORELEASING = YES;
				CLANG_WARN_BOOL_CONVERSION = YES;
				CLANG_WARN_COMMA = YES;
				CLANG_WARN_CONSTANT_CONVERSION = YES;
				CLANG_WARN_DEPRECATED_OBJC_IMPLEMENTATIONS = YES;
				CLANG_WARN_DIRECT_OBJC_ISA_USAGE = YES_ERROR;
				CLANG_WARN_DOCUMENTATION_COMMENTS = YES;
				CLANG_WARN_EMPTY_BODY = YES;
				CLANG_WARN_ENUM_CONVERSION = YES;
				CLANG_WARN_INFINITE_RECURSION = YES;
				CLANG_WARN_INT_CONVERSION = YES;
				CLANG_WARN_NON_LITERAL_NULL_CONVERSION = YES;
				CLANG_WARN_OBJC_IMPLICIT_RETAIN_SELF = YES;
				CLANG_WARN_OBJC_LITERAL_CONVERSION = YES;
				CLANG_WARN_OBJC_ROOT_CLASS = YES_ERROR;
				CLANG_WARN_QUOTED_INCLUDE_IN_FRAMEWORK_HEADER = YES;
				CLANG_WARN_RANGE_LOOP_ANALYSIS = YES;
				CLANG_WARN_STRICT_PROTOTYPES = YES;
				CLANG_WARN_SUSPICIOUS_MOVE = YES;
				CLANG_WARN_UNGUARDED_AVAILABILITY = YES_AGGRESSIVE;
				CLANG_WARN_UNREACHABLE_CODE = YES;
				CLANG_WARN__DUPLICATE_METHOD_MATCH = YES;
				COPY_PHASE_STRIP = NO;
				DEBUG_INFORMATION_FORMAT = dwarf;
				ENABLE_STRICT_OBJC_MSGSEND = YES;
				ENABLE_TESTABILITY = YES;
				ENABLE_USER_SCRIPT_SANDBOXING = NO;
				GCC_C_LANGUAGE_STANDARD = gnu17;
				GCC_DYNAMIC_NO_PIC = NO;
				GCC_NO_COMMON_BLOCKS = YES;
				GCC_OPTIMIZATION_LEVEL = 0;
				GCC_PREPROCESSOR_DEFINITIONS = (
					"DEBUG=1",
					"$(inherited)",
				);
				GCC_WARN_64_TO_32_BIT_CONVERSION = YES;
				GCC_WARN_ABOUT_RETURN_TYPE = YES_ERROR;
				GCC_WARN_UNDECLARED_SELECTOR = YES;
				GCC_WARN_UNINITIALIZED_AUTOS = YES_AGGRESSIVE;
				GCC_WARN_UNUSED_FUNCTION = YES;
				GCC_WARN_UNUSED_VARIABLE = YES;
				IPHONEOS_DEPLOYMENT_TARGET = 16.0;
				LOCALIZATION_PREFERS_STRING_CATALOGS = YES;
				MTL_ENABLE_DEBUG_INFO = INCLUDE_SOURCE;
				MTL_FAST_MATH = YES;
				ONLY_ACTIVE_ARCH = YES;
				OTHER_SWIFT_FLAGS = "-D LOG";
				SDKROOT = iphoneos;
				SWIFT_ACTIVE_COMPILATION_CONDITIONS = "DEBUG $(inherited)";
				SWIFT_OPTIMIZATION_LEVEL = "-Onone";
			};
			name = Debug;
		};
		ED8192242AC2ECEB00C7C830 /* Release */ = {
			isa = XCBuildConfiguration;
			buildSettings = {
				ALWAYS_SEARCH_USER_PATHS = NO;
				ASSETCATALOG_COMPILER_GENERATE_SWIFT_ASSET_SYMBOL_EXTENSIONS = YES;
				CLANG_ANALYZER_LOCALIZABILITY_NONLOCALIZED = YES;
				CLANG_ANALYZER_NONNULL = YES;
				CLANG_ANALYZER_NUMBER_OBJECT_CONVERSION = YES_AGGRESSIVE;
				CLANG_CXX_LANGUAGE_STANDARD = "gnu++20";
				CLANG_ENABLE_MODULES = YES;
				CLANG_ENABLE_OBJC_ARC = YES;
				CLANG_ENABLE_OBJC_WEAK = YES;
				CLANG_WARN_BLOCK_CAPTURE_AUTORELEASING = YES;
				CLANG_WARN_BOOL_CONVERSION = YES;
				CLANG_WARN_COMMA = YES;
				CLANG_WARN_CONSTANT_CONVERSION = YES;
				CLANG_WARN_DEPRECATED_OBJC_IMPLEMENTATIONS = YES;
				CLANG_WARN_DIRECT_OBJC_ISA_USAGE = YES_ERROR;
				CLANG_WARN_DOCUMENTATION_COMMENTS = YES;
				CLANG_WARN_EMPTY_BODY = YES;
				CLANG_WARN_ENUM_CONVERSION = YES;
				CLANG_WARN_INFINITE_RECURSION = YES;
				CLANG_WARN_INT_CONVERSION = YES;
				CLANG_WARN_NON_LITERAL_NULL_CONVERSION = YES;
				CLANG_WARN_OBJC_IMPLICIT_RETAIN_SELF = YES;
				CLANG_WARN_OBJC_LITERAL_CONVERSION = YES;
				CLANG_WARN_OBJC_ROOT_CLASS = YES_ERROR;
				CLANG_WARN_QUOTED_INCLUDE_IN_FRAMEWORK_HEADER = YES;
				CLANG_WARN_RANGE_LOOP_ANALYSIS = YES;
				CLANG_WARN_STRICT_PROTOTYPES = YES;
				CLANG_WARN_SUSPICIOUS_MOVE = YES;
				CLANG_WARN_UNGUARDED_AVAILABILITY = YES_AGGRESSIVE;
				CLANG_WARN_UNREACHABLE_CODE = YES;
				CLANG_WARN__DUPLICATE_METHOD_MATCH = YES;
				COPY_PHASE_STRIP = NO;
				DEBUG_INFORMATION_FORMAT = "dwarf-with-dsym";
				ENABLE_NS_ASSERTIONS = NO;
				ENABLE_STRICT_OBJC_MSGSEND = YES;
				ENABLE_USER_SCRIPT_SANDBOXING = NO;
				GCC_C_LANGUAGE_STANDARD = gnu17;
				GCC_NO_COMMON_BLOCKS = YES;
				GCC_WARN_64_TO_32_BIT_CONVERSION = YES;
				GCC_WARN_ABOUT_RETURN_TYPE = YES_ERROR;
				GCC_WARN_UNDECLARED_SELECTOR = YES;
				GCC_WARN_UNINITIALIZED_AUTOS = YES_AGGRESSIVE;
				GCC_WARN_UNUSED_FUNCTION = YES;
				GCC_WARN_UNUSED_VARIABLE = YES;
				IPHONEOS_DEPLOYMENT_TARGET = 16.0;
				LOCALIZATION_PREFERS_STRING_CATALOGS = YES;
				MTL_ENABLE_DEBUG_INFO = NO;
				MTL_FAST_MATH = YES;
				SDKROOT = iphoneos;
				SWIFT_COMPILATION_MODE = wholemodule;
				VALIDATE_PRODUCT = YES;
			};
			name = Release;
		};
		ED8192262AC2ECEB00C7C830 /* Debug */ = {
			isa = XCBuildConfiguration;
			buildSettings = {
				ASSETCATALOG_COMPILER_APPICON_NAME = AppIcon;
				ASSETCATALOG_COMPILER_GLOBAL_ACCENT_COLOR_NAME = AccentColor;
				CODE_SIGN_STYLE = Automatic;
				CURRENT_PROJECT_VERSION = 1;
				DEVELOPMENT_TEAM = 82J7RU93V4;
				GENERATE_INFOPLIST_FILE = YES;
				INFOPLIST_FILE = TodayFastComplete/Resources/Info.plist;
				INFOPLIST_KEY_LSApplicationCategoryType = "public.app-category.healthcare-fitness";
				INFOPLIST_KEY_UIApplicationSupportsIndirectInputEvents = YES;
				INFOPLIST_KEY_UILaunchStoryboardName = LaunchScreen;
				INFOPLIST_KEY_UISupportedInterfaceOrientations = UIInterfaceOrientationPortrait;
				INFOPLIST_KEY_UISupportedInterfaceOrientations_iPad = "UIInterfaceOrientationLandscapeLeft UIInterfaceOrientationLandscapeRight UIInterfaceOrientationPortrait UIInterfaceOrientationPortraitUpsideDown";
				IPHONEOS_DEPLOYMENT_TARGET = 16.0;
				LD_RUNPATH_SEARCH_PATHS = (
					"$(inherited)",
					"@executable_path/Frameworks",
				);
				MARKETING_VERSION = 1.0;
				PRODUCT_BUNDLE_IDENTIFIER = com.JongHoon.TodayFastComplete;
				PRODUCT_NAME = "$(TARGET_NAME)";
				SUPPORTED_PLATFORMS = "iphoneos iphonesimulator";
				SUPPORTS_MACCATALYST = NO;
				SWIFT_EMIT_LOC_STRINGS = YES;
				SWIFT_VERSION = 5.0;
				TARGETED_DEVICE_FAMILY = 1;
			};
			name = Debug;
		};
		ED8192272AC2ECEB00C7C830 /* Release */ = {
			isa = XCBuildConfiguration;
			buildSettings = {
				ASSETCATALOG_COMPILER_APPICON_NAME = AppIcon;
				ASSETCATALOG_COMPILER_GLOBAL_ACCENT_COLOR_NAME = AccentColor;
				CODE_SIGN_STYLE = Automatic;
				CURRENT_PROJECT_VERSION = 1;
				DEVELOPMENT_TEAM = 82J7RU93V4;
				GENERATE_INFOPLIST_FILE = YES;
				INFOPLIST_FILE = TodayFastComplete/Resources/Info.plist;
				INFOPLIST_KEY_LSApplicationCategoryType = "public.app-category.healthcare-fitness";
				INFOPLIST_KEY_UIApplicationSupportsIndirectInputEvents = YES;
				INFOPLIST_KEY_UILaunchStoryboardName = LaunchScreen;
				INFOPLIST_KEY_UISupportedInterfaceOrientations = UIInterfaceOrientationPortrait;
				INFOPLIST_KEY_UISupportedInterfaceOrientations_iPad = "UIInterfaceOrientationLandscapeLeft UIInterfaceOrientationLandscapeRight UIInterfaceOrientationPortrait UIInterfaceOrientationPortraitUpsideDown";
				IPHONEOS_DEPLOYMENT_TARGET = 16.0;
				LD_RUNPATH_SEARCH_PATHS = (
					"$(inherited)",
					"@executable_path/Frameworks",
				);
				MARKETING_VERSION = 1.0;
				PRODUCT_BUNDLE_IDENTIFIER = com.JongHoon.TodayFastComplete;
				PRODUCT_NAME = "$(TARGET_NAME)";
				SUPPORTED_PLATFORMS = "iphoneos iphonesimulator";
				SUPPORTS_MACCATALYST = NO;
				SWIFT_EMIT_LOC_STRINGS = YES;
				SWIFT_VERSION = 5.0;
				TARGETED_DEVICE_FAMILY = 1;
			};
			name = Release;
		};
/* End XCBuildConfiguration section */

/* Begin XCConfigurationList section */
		ED81920C2AC2ECEA00C7C830 /* Build configuration list for PBXProject "TodayFastComplete" */ = {
			isa = XCConfigurationList;
			buildConfigurations = (
				ED8192232AC2ECEB00C7C830 /* Debug */,
				ED8192242AC2ECEB00C7C830 /* Release */,
			);
			defaultConfigurationIsVisible = 0;
			defaultConfigurationName = Release;
		};
		ED8192252AC2ECEB00C7C830 /* Build configuration list for PBXNativeTarget "TodayFastComplete" */ = {
			isa = XCConfigurationList;
			buildConfigurations = (
				ED8192262AC2ECEB00C7C830 /* Debug */,
				ED8192272AC2ECEB00C7C830 /* Release */,
			);
			defaultConfigurationIsVisible = 0;
			defaultConfigurationName = Release;
		};
/* End XCConfigurationList section */

/* Begin XCRemoteSwiftPackageReference section */
		ED1407DB2AC2FDDE0050E631 /* XCRemoteSwiftPackageReference "RxSwift" */ = {
			isa = XCRemoteSwiftPackageReference;
			repositoryURL = "https://github.com/ReactiveX/RxSwift.git";
			requirement = {
				kind = exactVersion;
				version = 6.6.0;
			};
		};
		ED1407E22AC2FE3D0050E631 /* XCRemoteSwiftPackageReference "SnapKit" */ = {
			isa = XCRemoteSwiftPackageReference;
			repositoryURL = "https://github.com/SnapKit/SnapKit.git";
			requirement = {
				kind = exactVersion;
				version = 5.6.0;
			};
		};
		ED1407E52AC2FE5D0050E631 /* XCRemoteSwiftPackageReference "FSCalendar" */ = {
			isa = XCRemoteSwiftPackageReference;
			repositoryURL = "https://github.com/WenchaoD/FSCalendar";
			requirement = {
				kind = upToNextMinorVersion;
				minimumVersion = 2.8.4;
			};
		};
		ED1407E82AC2FF4D0050E631 /* XCRemoteSwiftPackageReference "realm-swift" */ = {
			isa = XCRemoteSwiftPackageReference;
			repositoryURL = "https://github.com/realm/realm-swift.git";
			requirement = {
				kind = exactVersion;
				version = 10.42.4;
			};
		};
		ED8192362AC2F6FF00C7C830 /* XCRemoteSwiftPackageReference "SwiftLint" */ = {
			isa = XCRemoteSwiftPackageReference;
			repositoryURL = "https://github.com/realm/SwiftLint";
			requirement = {
				kind = upToNextMajorVersion;
				minimumVersion = 0.52.4;
			};
		};
		EDAC26FF2AEFB4B10095A564 /* XCRemoteSwiftPackageReference "RxKeyboard" */ = {
			isa = XCRemoteSwiftPackageReference;
			repositoryURL = "https://github.com/RxSwiftCommunity/RxKeyboard";
			requirement = {
				kind = exactVersion;
				version = 2.0.1;
			};
		};
/* End XCRemoteSwiftPackageReference section */

/* Begin XCSwiftPackageProductDependency section */
		ED1407DC2AC2FDDE0050E631 /* RxCocoa */ = {
			isa = XCSwiftPackageProductDependency;
			package = ED1407DB2AC2FDDE0050E631 /* XCRemoteSwiftPackageReference "RxSwift" */;
			productName = RxCocoa;
		};
		ED1407DE2AC2FDDE0050E631 /* RxRelay */ = {
			isa = XCSwiftPackageProductDependency;
			package = ED1407DB2AC2FDDE0050E631 /* XCRemoteSwiftPackageReference "RxSwift" */;
			productName = RxRelay;
		};
		ED1407E02AC2FDDE0050E631 /* RxSwift */ = {
			isa = XCSwiftPackageProductDependency;
			package = ED1407DB2AC2FDDE0050E631 /* XCRemoteSwiftPackageReference "RxSwift" */;
			productName = RxSwift;
		};
		ED1407E32AC2FE3D0050E631 /* SnapKit */ = {
			isa = XCSwiftPackageProductDependency;
			package = ED1407E22AC2FE3D0050E631 /* XCRemoteSwiftPackageReference "SnapKit" */;
			productName = SnapKit;
		};
		ED1407E62AC2FE5D0050E631 /* FSCalendar */ = {
			isa = XCSwiftPackageProductDependency;
			package = ED1407E52AC2FE5D0050E631 /* XCRemoteSwiftPackageReference "FSCalendar" */;
			productName = FSCalendar;
		};
		ED1407E92AC2FF4D0050E631 /* Realm */ = {
			isa = XCSwiftPackageProductDependency;
			package = ED1407E82AC2FF4D0050E631 /* XCRemoteSwiftPackageReference "realm-swift" */;
			productName = Realm;
		};
		ED1407EB2AC2FF4D0050E631 /* RealmSwift */ = {
			isa = XCSwiftPackageProductDependency;
			package = ED1407E82AC2FF4D0050E631 /* XCRemoteSwiftPackageReference "realm-swift" */;
			productName = RealmSwift;
		};
		EDAC27002AEFB4B10095A564 /* RxKeyboard */ = {
			isa = XCSwiftPackageProductDependency;
			package = EDAC26FF2AEFB4B10095A564 /* XCRemoteSwiftPackageReference "RxKeyboard" */;
			productName = RxKeyboard;
		};
/* End XCSwiftPackageProductDependency section */
	};
	rootObject = ED8192092AC2ECEA00C7C830 /* Project object */;
}
